// !$*UTF8*$!
{
	archiveVersion = 1;
	classes = {
	};
	objectVersion = 52;
	objects = {

/* Begin PBXBuildFile section */
		0B12AF872594A65700144754 /* TestModel.swift in Sources */ = {isa = PBXBuildFile; fileRef = 0B12AF862594A65700144754 /* TestModel.swift */; };
		0B12AF8B2594A6A700144754 /* test-1.json in Resources */ = {isa = PBXBuildFile; fileRef = 0B12AF8A2594A6A700144754 /* test-1.json */; };
		0B12AF942594AA5200144754 /* TestView.xib in Resources */ = {isa = PBXBuildFile; fileRef = 0B12AF932594AA5200144754 /* TestView.xib */; };
		0B12AFA02594AAF800144754 /* TestView.swift in Sources */ = {isa = PBXBuildFile; fileRef = 0B12AF9F2594AAF800144754 /* TestView.swift */; };
		0B12AFA62594ABB400144754 /* TestTableViewCell.swift in Sources */ = {isa = PBXBuildFile; fileRef = 0B12AFA42594ABB400144754 /* TestTableViewCell.swift */; };
		0B12AFA72594ABB400144754 /* TestTableViewCell.xib in Resources */ = {isa = PBXBuildFile; fileRef = 0B12AFA52594ABB400144754 /* TestTableViewCell.xib */; };
		0B2C03FF2577EFFA0037083B /* RatingStackView.swift in Sources */ = {isa = PBXBuildFile; fileRef = 0B2C03FE2577EFFA0037083B /* RatingStackView.swift */; };
		0B2FEBEE2577529A001EDC8E /* ProductNetworkManager.swift in Sources */ = {isa = PBXBuildFile; fileRef = 0B83503A2576770A00C4C1FA /* ProductNetworkManager.swift */; };
		0B2FEBF425777C35001EDC8E /* ImageCollectionCell.swift in Sources */ = {isa = PBXBuildFile; fileRef = 0B2FEBF325777C35001EDC8E /* ImageCollectionCell.swift */; };
		0B53D304257A3F7D00649CD2 /* ProductTableViewController.swift in Sources */ = {isa = PBXBuildFile; fileRef = 0B53D303257A3F7D00649CD2 /* ProductTableViewController.swift */; };
		0B6393C325A6FDFD0088DFA7 /* ShareViewController.swift in Sources */ = {isa = PBXBuildFile; fileRef = 0B6393C225A6FDFD0088DFA7 /* ShareViewController.swift */; };
		0B6393CA25A6FDFD0088DFA7 /* ShareExtension.appex in Embed App Extensions */ = {isa = PBXBuildFile; fileRef = 0B6393C025A6FDFD0088DFA7 /* ShareExtension.appex */; settings = {ATTRIBUTES = (RemoveHeadersOnCopy, ); }; };
		0B70803A25944EEC007A2A69 /* WebViewController.swift in Sources */ = {isa = PBXBuildFile; fileRef = 0B70803925944EEC007A2A69 /* WebViewController.swift */; };
		0B70804425945B99007A2A69 /* WebViewStoryboard.storyboard in Resources */ = {isa = PBXBuildFile; fileRef = 0B70804325945B99007A2A69 /* WebViewStoryboard.storyboard */; };
		0B70804C25945DEE007A2A69 /* TestStoryboard.storyboard in Resources */ = {isa = PBXBuildFile; fileRef = 0B70804B25945DEE007A2A69 /* TestStoryboard.storyboard */; };
		0B70805025945DFF007A2A69 /* TestViewController.swift in Sources */ = {isa = PBXBuildFile; fileRef = 0B70804F25945DFF007A2A69 /* TestViewController.swift */; };
		0B7080662594798C007A2A69 /* RadioButtonsController.swift in Sources */ = {isa = PBXBuildFile; fileRef = 0B7080642594798C007A2A69 /* RadioButtonsController.swift */; };
		0B7080672594798C007A2A69 /* RadioButton.swift in Sources */ = {isa = PBXBuildFile; fileRef = 0B7080652594798C007A2A69 /* RadioButton.swift */; };
		0B771AD0257CAC8D008ADD69 /* CommentView.swift in Sources */ = {isa = PBXBuildFile; fileRef = 0B771ACF257CAC8D008ADD69 /* CommentView.swift */; };
		0B771AD3257CB5F1008ADD69 /* CommentStackView.swift in Sources */ = {isa = PBXBuildFile; fileRef = 0B771AD2257CB5F1008ADD69 /* CommentStackView.swift */; };
		0B788801257B933F007DF3D9 /* CommentView.xib in Resources */ = {isa = PBXBuildFile; fileRef = 0B788800257B933F007DF3D9 /* CommentView.xib */; };
		0B7B9842257E1193005D504C /* NotificationService.swift in Sources */ = {isa = PBXBuildFile; fileRef = 0B7B9841257E1193005D504C /* NotificationService.swift */; };
		0B7B9846257E1193005D504C /* OneSignalNotificationServiceExtension.appex in Embed App Extensions */ = {isa = PBXBuildFile; fileRef = 0B7B983F257E1193005D504C /* OneSignalNotificationServiceExtension.appex */; settings = {ATTRIBUTES = (RemoveHeadersOnCopy, ); }; };
		0B7B9852257E11C4005D504C /* OneSignal in Frameworks */ = {isa = PBXBuildFile; productRef = 0B7B9851257E11C4005D504C /* OneSignal */; };
		0B7EABEF25A99A6200714D77 /* UIButton+.swift in Sources */ = {isa = PBXBuildFile; fileRef = 0B7EABEE25A99A6200714D77 /* UIButton+.swift */; };
		0B7EAC9825A99DC400714D77 /* ProductListViewController+UITableView.swift in Sources */ = {isa = PBXBuildFile; fileRef = 0B7EAC7425A99DC400714D77 /* ProductListViewController+UITableView.swift */; };
		0B7EAC9925A99DC400714D77 /* ProductListViewController+UISearchBar.swift in Sources */ = {isa = PBXBuildFile; fileRef = 0B7EAC7525A99DC400714D77 /* ProductListViewController+UISearchBar.swift */; };
		0B7EAC9B25A99DC400714D77 /* CustomNavigationBarDelegate.swift in Sources */ = {isa = PBXBuildFile; fileRef = 0B7EAC7825A99DC400714D77 /* CustomNavigationBarDelegate.swift */; };
		0B7EAC9D25A99DC400714D77 /* ProductListViewController.swift in Sources */ = {isa = PBXBuildFile; fileRef = 0B7EAC7B25A99DC400714D77 /* ProductListViewController.swift */; };
		0B7EAC9E25A99DC400714D77 /* NewsModel.swift in Sources */ = {isa = PBXBuildFile; fileRef = 0B7EAC7D25A99DC400714D77 /* NewsModel.swift */; };
		0B7EAC9F25A99DC400714D77 /* ProductListModel.swift in Sources */ = {isa = PBXBuildFile; fileRef = 0B7EAC7E25A99DC400714D77 /* ProductListModel.swift */; };
		0B7EACA025A99DC400714D77 /* FavoritesNavigationBar.swift in Sources */ = {isa = PBXBuildFile; fileRef = 0B7EAC8125A99DC400714D77 /* FavoritesNavigationBar.swift */; };
		0B7EACA125A99DC400714D77 /* FavoritesNavigationBar.xib in Resources */ = {isa = PBXBuildFile; fileRef = 0B7EAC8225A99DC400714D77 /* FavoritesNavigationBar.xib */; };
		0B7EACA225A99DC400714D77 /* NotFoundView.swift in Sources */ = {isa = PBXBuildFile; fileRef = 0B7EAC8425A99DC400714D77 /* NotFoundView.swift */; };
		0B7EACA325A99DC400714D77 /* NotFoundView.xib in Resources */ = {isa = PBXBuildFile; fileRef = 0B7EAC8525A99DC400714D77 /* NotFoundView.xib */; };
		0B7EACA425A99DC400714D77 /* ProductListStoryboard.storyboard in Resources */ = {isa = PBXBuildFile; fileRef = 0B7EAC8625A99DC400714D77 /* ProductListStoryboard.storyboard */; };
		0B7EACA525A99DC400714D77 /* SearchNavigationBar.swift in Sources */ = {isa = PBXBuildFile; fileRef = 0B7EAC8825A99DC400714D77 /* SearchNavigationBar.swift */; };
		0B7EACA625A99DC400714D77 /* SearchNavigationBar.xib in Resources */ = {isa = PBXBuildFile; fileRef = 0B7EAC8925A99DC400714D77 /* SearchNavigationBar.xib */; };
		0B7EACA725A99DC400714D77 /* ResultNavigationBar.swift in Sources */ = {isa = PBXBuildFile; fileRef = 0B7EAC8B25A99DC400714D77 /* ResultNavigationBar.swift */; };
		0B7EACA825A99DC400714D77 /* ResultNavigationBar.xib in Resources */ = {isa = PBXBuildFile; fileRef = 0B7EAC8C25A99DC400714D77 /* ResultNavigationBar.xib */; };
		0B7EACA925A99DC400714D77 /* NewsCollectionView.xib in Resources */ = {isa = PBXBuildFile; fileRef = 0B7EAC8E25A99DC400714D77 /* NewsCollectionView.xib */; };
		0B7EACAA25A99DC400714D77 /* NewCollectionViewCell.swift in Sources */ = {isa = PBXBuildFile; fileRef = 0B7EAC9025A99DC400714D77 /* NewCollectionViewCell.swift */; };
		0B7EACAB25A99DC400714D77 /* NewCollectionViewCell.xib in Resources */ = {isa = PBXBuildFile; fileRef = 0B7EAC9125A99DC400714D77 /* NewCollectionViewCell.xib */; };
		0B7EACAC25A99DC400714D77 /* NewsCollectionView.swift in Sources */ = {isa = PBXBuildFile; fileRef = 0B7EAC9225A99DC400714D77 /* NewsCollectionView.swift */; };
		0B7EACAD25A99DC400714D77 /* ProductListCell.swift in Sources */ = {isa = PBXBuildFile; fileRef = 0B7EAC9425A99DC400714D77 /* ProductListCell.swift */; };
		0B7EACAE25A99DC400714D77 /* ProductListCell.xib in Resources */ = {isa = PBXBuildFile; fileRef = 0B7EAC9525A99DC400714D77 /* ProductListCell.xib */; };
		0B7EACAF25A99DC400714D77 /* ProductListNetworkManager.swift in Sources */ = {isa = PBXBuildFile; fileRef = 0B7EAC9725A99DC400714D77 /* ProductListNetworkManager.swift */; };
		0B7EACEB25A9A1DD00714D77 /* WBProductModel.swift in Sources */ = {isa = PBXBuildFile; fileRef = 0B7EACEA25A9A1DD00714D77 /* WBProductModel.swift */; };
		0B83502A2576460700C4C1FA /* Roboto-Medium.ttf in Resources */ = {isa = PBXBuildFile; fileRef = 0B83501D2576460700C4C1FA /* Roboto-Medium.ttf */; };
		0B83502B2576460700C4C1FA /* Roboto-Light.ttf in Resources */ = {isa = PBXBuildFile; fileRef = 0B83501E2576460700C4C1FA /* Roboto-Light.ttf */; };
		0B83502C2576460700C4C1FA /* Roboto-Regular.ttf in Resources */ = {isa = PBXBuildFile; fileRef = 0B83501F2576460700C4C1FA /* Roboto-Regular.ttf */; };
		0B83502D2576460700C4C1FA /* Roboto-MediumItalic.ttf in Resources */ = {isa = PBXBuildFile; fileRef = 0B8350202576460700C4C1FA /* Roboto-MediumItalic.ttf */; };
		0B83502F2576460700C4C1FA /* Roboto-ThinItalic.ttf in Resources */ = {isa = PBXBuildFile; fileRef = 0B8350222576460700C4C1FA /* Roboto-ThinItalic.ttf */; };
		0B8350302576460700C4C1FA /* Roboto-BoldItalic.ttf in Resources */ = {isa = PBXBuildFile; fileRef = 0B8350232576460700C4C1FA /* Roboto-BoldItalic.ttf */; };
		0B8350312576460700C4C1FA /* Roboto-LightItalic.ttf in Resources */ = {isa = PBXBuildFile; fileRef = 0B8350242576460700C4C1FA /* Roboto-LightItalic.ttf */; };
		0B8350322576460700C4C1FA /* Roboto-Italic.ttf in Resources */ = {isa = PBXBuildFile; fileRef = 0B8350252576460700C4C1FA /* Roboto-Italic.ttf */; };
		0B8350332576460700C4C1FA /* Roboto-BlackItalic.ttf in Resources */ = {isa = PBXBuildFile; fileRef = 0B8350262576460700C4C1FA /* Roboto-BlackItalic.ttf */; };
		0B8350342576460700C4C1FA /* Roboto-Bold.ttf in Resources */ = {isa = PBXBuildFile; fileRef = 0B8350272576460700C4C1FA /* Roboto-Bold.ttf */; };
		0B8350352576460700C4C1FA /* Roboto-Thin.ttf in Resources */ = {isa = PBXBuildFile; fileRef = 0B8350282576460700C4C1FA /* Roboto-Thin.ttf */; };
		0B8350362576460700C4C1FA /* Roboto-Black.ttf in Resources */ = {isa = PBXBuildFile; fileRef = 0B8350292576460700C4C1FA /* Roboto-Black.ttf */; };
		0B83503E25767BA600C4C1FA /* ProductModel.swift in Sources */ = {isa = PBXBuildFile; fileRef = 0B83503D25767BA600C4C1FA /* ProductModel.swift */; };
		0B9187A5257A253D00467C8B /* SliderImageViewController.swift in Sources */ = {isa = PBXBuildFile; fileRef = 0B9187A4257A253D00467C8B /* SliderImageViewController.swift */; };
		0B9187A9257A255400467C8B /* ProductViewController.swift in Sources */ = {isa = PBXBuildFile; fileRef = 0B9187A8257A255400467C8B /* ProductViewController.swift */; };
		0BA94BC72574B11400A94DB1 /* iAd.framework in Frameworks */ = {isa = PBXBuildFile; fileRef = 0BA94BC52574B11400A94DB1 /* iAd.framework */; };
		0BA94BD62574B49400A94DB1 /* OneSignal in Frameworks */ = {isa = PBXBuildFile; productRef = 0BA94BD52574B49400A94DB1 /* OneSignal */; };
		0BA94BEC2574BE5800A94DB1 /* SettingsAnalist.swift in Sources */ = {isa = PBXBuildFile; fileRef = 0BA94BEB2574BE5800A94DB1 /* SettingsAnalist.swift */; };
		0BA94C062574C95500A94DB1 /* AnalyticsManager.swift in Sources */ = {isa = PBXBuildFile; fileRef = 0BA94C052574C95500A94DB1 /* AnalyticsManager.swift */; };
		0BC9BF2E2570BFF200445DFC /* AppDelegate.swift in Sources */ = {isa = PBXBuildFile; fileRef = 0BC9BF2D2570BFF200445DFC /* AppDelegate.swift */; };
		0BC9BF302570BFF200445DFC /* SceneDelegate.swift in Sources */ = {isa = PBXBuildFile; fileRef = 0BC9BF2F2570BFF200445DFC /* SceneDelegate.swift */; };
		0BC9BF352570BFF200445DFC /* Main.storyboard in Resources */ = {isa = PBXBuildFile; fileRef = 0BC9BF332570BFF200445DFC /* Main.storyboard */; };
		0BC9BF372570BFF500445DFC /* Assets.xcassets in Resources */ = {isa = PBXBuildFile; fileRef = 0BC9BF362570BFF500445DFC /* Assets.xcassets */; };
		0BC9BF3A2570BFF500445DFC /* LaunchScreen.storyboard in Resources */ = {isa = PBXBuildFile; fileRef = 0BC9BF382570BFF500445DFC /* LaunchScreen.storyboard */; };
		0BC9BF522570C6B200445DFC /* NetworkManager.swift in Sources */ = {isa = PBXBuildFile; fileRef = 0BC9BF512570C6B200445DFC /* NetworkManager.swift */; };
		0BD2E42D25A847F7003F9DE3 /* SettingsGlobal.swift in Sources */ = {isa = PBXBuildFile; fileRef = 0BD2E42C25A847F7003F9DE3 /* SettingsGlobal.swift */; };
		0BF0B3DD257E56F3000B0CAB /* ImageLoader.swift in Sources */ = {isa = PBXBuildFile; fileRef = 0BF0B3DC257E56F3000B0CAB /* ImageLoader.swift */; };
		0BF0B3EF257E8A48000B0CAB /* AppsFlyerLib.framework in Frameworks */ = {isa = PBXBuildFile; fileRef = 0BF0B3EE257E8A48000B0CAB /* AppsFlyerLib.framework */; };
		CE3449B12588B166002E0101 /* TabBarViewController.swift in Sources */ = {isa = PBXBuildFile; fileRef = CE3449B02588B166002E0101 /* TabBarViewController.swift */; };
		CE3D12BF2587842100921FD9 /* CoreDataManager.swift in Sources */ = {isa = PBXBuildFile; fileRef = CE3D12B92587842100921FD9 /* CoreDataManager.swift */; };
		CE3D12C02587842100921FD9 /* CoreDataStack.swift in Sources */ = {isa = PBXBuildFile; fileRef = CE3D12BA2587842100921FD9 /* CoreDataStack.swift */; };
		CE3D12C92587849A00921FD9 /* Products.xcdatamodeld in Sources */ = {isa = PBXBuildFile; fileRef = CE3D12C72587849A00921FD9 /* Products.xcdatamodeld */; };
		CE4887C92587175B0023D5B8 /* NVActivityIndicatorView in Frameworks */ = {isa = PBXBuildFile; productRef = CE4887C82587175B0023D5B8 /* NVActivityIndicatorView */; };
		CE4EC3272590705000DBCE85 /* UIView+.swift in Sources */ = {isa = PBXBuildFile; fileRef = CE4EC3262590705000DBCE85 /* UIView+.swift */; };
		CE50BA6E25ABFFD000D1D717 /* ResultTestView.xib in Resources */ = {isa = PBXBuildFile; fileRef = CE50BA6C25ABFFD000D1D717 /* ResultTestView.xib */; };
		CE50BA6F25ABFFD000D1D717 /* ResultTestView.swift in Sources */ = {isa = PBXBuildFile; fileRef = CE50BA6D25ABFFD000D1D717 /* ResultTestView.swift */; };
		CE68AAA6258871B900C0EBA6 /* FavoritesManager.swift in Sources */ = {isa = PBXBuildFile; fileRef = CE68AAA5258871B900C0EBA6 /* FavoritesManager.swift */; };
		CE6CA0802595D3480035304C /* String+.swift in Sources */ = {isa = PBXBuildFile; fileRef = CE6CA07F2595D3480035304C /* String+.swift */; };
		CE6CA0872595D7B40035304C /* index-1.html in Resources */ = {isa = PBXBuildFile; fileRef = CE6CA0852595D7B40035304C /* index-1.html */; };
		CE6CA0882595D7B40035304C /* index-2.html in Resources */ = {isa = PBXBuildFile; fileRef = CE6CA0862595D7B40035304C /* index-2.html */; };
		CE71C59425AD5680000187A6 /* DefaultNavigationBar.swift in Sources */ = {isa = PBXBuildFile; fileRef = CE71C59325AD5680000187A6 /* DefaultNavigationBar.swift */; };
		CE71C59925AD568C000187A6 /* DefaultNavigationBar.xib in Resources */ = {isa = PBXBuildFile; fileRef = CE71C59825AD568C000187A6 /* DefaultNavigationBar.xib */; };
		CE71C59E25AD5F4F000187A6 /* HelpStoryboard.storyboard in Resources */ = {isa = PBXBuildFile; fileRef = CE71C59D25AD5F4F000187A6 /* HelpStoryboard.storyboard */; };
		CE71C5A325AD601C000187A6 /* HelpViewController.swift in Sources */ = {isa = PBXBuildFile; fileRef = CE71C5A225AD601C000187A6 /* HelpViewController.swift */; };
		CE71C5B625ADA3DA000187A6 /* EmptyView.swift in Sources */ = {isa = PBXBuildFile; fileRef = CE71C5B525ADA3DA000187A6 /* EmptyView.swift */; };
		CE71C5BE25ADA3E2000187A6 /* EmptyView.xib in Resources */ = {isa = PBXBuildFile; fileRef = CE71C5BD25ADA3E2000187A6 /* EmptyView.xib */; };
		CE7B3A912599CA3200482965 /* ProductStoryboard.storyboard in Resources */ = {isa = PBXBuildFile; fileRef = CE7B3A902599CA3200482965 /* ProductStoryboard.storyboard */; };
		CE88A202258A0D7B00092010 /* UIImage+.swift in Sources */ = {isa = PBXBuildFile; fileRef = CE88A201258A0D7B00092010 /* UIImage+.swift */; };
		CE88A206258A1C5E00092010 /* ActivityIndicator.swift in Sources */ = {isa = PBXBuildFile; fileRef = CE88A205258A1C5E00092010 /* ActivityIndicator.swift */; };
		CE8FADD4258B0F8100D00CC5 /* UIViewController+.swift in Sources */ = {isa = PBXBuildFile; fileRef = CE8FADD3258B0F8100D00CC5 /* UIViewController+.swift */; };
		CEA31165259B294100546D5E /* ProductWebViewController.swift in Sources */ = {isa = PBXBuildFile; fileRef = CEA31164259B294100546D5E /* ProductWebViewController.swift */; };
		CEAC7A3225B05E5000662260 /* Charts in Frameworks */ = {isa = PBXBuildFile; productRef = CEAC7A3125B05E5000662260 /* Charts */; };
/* End PBXBuildFile section */

/* Begin PBXContainerItemProxy section */
		0B6393C825A6FDFD0088DFA7 /* PBXContainerItemProxy */ = {
			isa = PBXContainerItemProxy;
			containerPortal = 0BC9BF222570BFF200445DFC /* Project object */;
			proxyType = 1;
			remoteGlobalIDString = 0B6393BF25A6FDFD0088DFA7;
			remoteInfo = ShareExtension;
		};
		0B7B9844257E1193005D504C /* PBXContainerItemProxy */ = {
			isa = PBXContainerItemProxy;
			containerPortal = 0BC9BF222570BFF200445DFC /* Project object */;
			proxyType = 1;
			remoteGlobalIDString = 0B7B983E257E1193005D504C;
			remoteInfo = OneSignalNotificationServiceExtension;
		};
/* End PBXContainerItemProxy section */

/* Begin PBXCopyFilesBuildPhase section */
		0B7B984A257E1193005D504C /* Embed App Extensions */ = {
			isa = PBXCopyFilesBuildPhase;
			buildActionMask = 2147483647;
			dstPath = "";
			dstSubfolderSpec = 13;
			files = (
				0B6393CA25A6FDFD0088DFA7 /* ShareExtension.appex in Embed App Extensions */,
				0B7B9846257E1193005D504C /* OneSignalNotificationServiceExtension.appex in Embed App Extensions */,
			);
			name = "Embed App Extensions";
			runOnlyForDeploymentPostprocessing = 0;
		};
		CEAC7A1B25B052FE00662260 /* Embed Frameworks */ = {
			isa = PBXCopyFilesBuildPhase;
			buildActionMask = 2147483647;
			dstPath = "";
			dstSubfolderSpec = 10;
			files = (
			);
			name = "Embed Frameworks";
			runOnlyForDeploymentPostprocessing = 0;
		};
/* End PBXCopyFilesBuildPhase section */

/* Begin PBXFileReference section */
		0B12AF862594A65700144754 /* TestModel.swift */ = {isa = PBXFileReference; lastKnownFileType = sourcecode.swift; path = TestModel.swift; sourceTree = "<group>"; };
		0B12AF8A2594A6A700144754 /* test-1.json */ = {isa = PBXFileReference; lastKnownFileType = text.json; path = "test-1.json"; sourceTree = "<group>"; };
		0B12AF932594AA5200144754 /* TestView.xib */ = {isa = PBXFileReference; lastKnownFileType = file.xib; path = TestView.xib; sourceTree = "<group>"; };
		0B12AF9F2594AAF800144754 /* TestView.swift */ = {isa = PBXFileReference; lastKnownFileType = sourcecode.swift; path = TestView.swift; sourceTree = "<group>"; };
		0B12AFA42594ABB400144754 /* TestTableViewCell.swift */ = {isa = PBXFileReference; lastKnownFileType = sourcecode.swift; path = TestTableViewCell.swift; sourceTree = "<group>"; };
		0B12AFA52594ABB400144754 /* TestTableViewCell.xib */ = {isa = PBXFileReference; lastKnownFileType = file.xib; path = TestTableViewCell.xib; sourceTree = "<group>"; };
		0B2C03FE2577EFFA0037083B /* RatingStackView.swift */ = {isa = PBXFileReference; lastKnownFileType = sourcecode.swift; path = RatingStackView.swift; sourceTree = "<group>"; };
		0B2FEBF325777C35001EDC8E /* ImageCollectionCell.swift */ = {isa = PBXFileReference; lastKnownFileType = sourcecode.swift; path = ImageCollectionCell.swift; sourceTree = "<group>"; };
		0B53D303257A3F7D00649CD2 /* ProductTableViewController.swift */ = {isa = PBXFileReference; lastKnownFileType = sourcecode.swift; path = ProductTableViewController.swift; sourceTree = "<group>"; };
		0B6393C025A6FDFD0088DFA7 /* ShareExtension.appex */ = {isa = PBXFileReference; explicitFileType = "wrapper.app-extension"; includeInIndex = 0; path = ShareExtension.appex; sourceTree = BUILT_PRODUCTS_DIR; };
		0B6393C225A6FDFD0088DFA7 /* ShareViewController.swift */ = {isa = PBXFileReference; lastKnownFileType = sourcecode.swift; path = ShareViewController.swift; sourceTree = "<group>"; };
		0B6393C725A6FDFD0088DFA7 /* Info.plist */ = {isa = PBXFileReference; lastKnownFileType = text.plist.xml; path = Info.plist; sourceTree = "<group>"; };
		0B6393D925A701DC0088DFA7 /* ShareExtension.entitlements */ = {isa = PBXFileReference; lastKnownFileType = text.plist.entitlements; path = ShareExtension.entitlements; sourceTree = "<group>"; };
		0B70803925944EEC007A2A69 /* WebViewController.swift */ = {isa = PBXFileReference; lastKnownFileType = sourcecode.swift; path = WebViewController.swift; sourceTree = "<group>"; };
		0B70804325945B99007A2A69 /* WebViewStoryboard.storyboard */ = {isa = PBXFileReference; lastKnownFileType = file.storyboard; path = WebViewStoryboard.storyboard; sourceTree = "<group>"; };
		0B70804B25945DEE007A2A69 /* TestStoryboard.storyboard */ = {isa = PBXFileReference; lastKnownFileType = file.storyboard; path = TestStoryboard.storyboard; sourceTree = "<group>"; };
		0B70804F25945DFF007A2A69 /* TestViewController.swift */ = {isa = PBXFileReference; lastKnownFileType = sourcecode.swift; path = TestViewController.swift; sourceTree = "<group>"; };
		0B7080642594798C007A2A69 /* RadioButtonsController.swift */ = {isa = PBXFileReference; fileEncoding = 4; lastKnownFileType = sourcecode.swift; path = RadioButtonsController.swift; sourceTree = "<group>"; };
		0B7080652594798C007A2A69 /* RadioButton.swift */ = {isa = PBXFileReference; fileEncoding = 4; lastKnownFileType = sourcecode.swift; path = RadioButton.swift; sourceTree = "<group>"; };
		0B771ACF257CAC8D008ADD69 /* CommentView.swift */ = {isa = PBXFileReference; lastKnownFileType = sourcecode.swift; path = CommentView.swift; sourceTree = "<group>"; };
		0B771AD2257CB5F1008ADD69 /* CommentStackView.swift */ = {isa = PBXFileReference; lastKnownFileType = sourcecode.swift; path = CommentStackView.swift; sourceTree = "<group>"; };
		0B788800257B933F007DF3D9 /* CommentView.xib */ = {isa = PBXFileReference; lastKnownFileType = file.xib; path = CommentView.xib; sourceTree = "<group>"; };
		0B7B983F257E1193005D504C /* OneSignalNotificationServiceExtension.appex */ = {isa = PBXFileReference; explicitFileType = "wrapper.app-extension"; includeInIndex = 0; path = OneSignalNotificationServiceExtension.appex; sourceTree = BUILT_PRODUCTS_DIR; };
		0B7B9841257E1193005D504C /* NotificationService.swift */ = {isa = PBXFileReference; lastKnownFileType = sourcecode.swift; path = NotificationService.swift; sourceTree = "<group>"; };
		0B7B9843257E1193005D504C /* Info.plist */ = {isa = PBXFileReference; lastKnownFileType = text.plist.xml; path = Info.plist; sourceTree = "<group>"; };
		0B7EABEE25A99A6200714D77 /* UIButton+.swift */ = {isa = PBXFileReference; lastKnownFileType = sourcecode.swift; path = "UIButton+.swift"; sourceTree = "<group>"; };
		0B7EAC7425A99DC400714D77 /* ProductListViewController+UITableView.swift */ = {isa = PBXFileReference; fileEncoding = 4; lastKnownFileType = sourcecode.swift; path = "ProductListViewController+UITableView.swift"; sourceTree = "<group>"; };
		0B7EAC7525A99DC400714D77 /* ProductListViewController+UISearchBar.swift */ = {isa = PBXFileReference; fileEncoding = 4; lastKnownFileType = sourcecode.swift; path = "ProductListViewController+UISearchBar.swift"; sourceTree = "<group>"; };
		0B7EAC7825A99DC400714D77 /* CustomNavigationBarDelegate.swift */ = {isa = PBXFileReference; fileEncoding = 4; lastKnownFileType = sourcecode.swift; path = CustomNavigationBarDelegate.swift; sourceTree = "<group>"; };
		0B7EAC7B25A99DC400714D77 /* ProductListViewController.swift */ = {isa = PBXFileReference; fileEncoding = 4; lastKnownFileType = sourcecode.swift; path = ProductListViewController.swift; sourceTree = "<group>"; };
		0B7EAC7D25A99DC400714D77 /* NewsModel.swift */ = {isa = PBXFileReference; fileEncoding = 4; lastKnownFileType = sourcecode.swift; path = NewsModel.swift; sourceTree = "<group>"; };
		0B7EAC7E25A99DC400714D77 /* ProductListModel.swift */ = {isa = PBXFileReference; fileEncoding = 4; lastKnownFileType = sourcecode.swift; path = ProductListModel.swift; sourceTree = "<group>"; };
		0B7EAC8125A99DC400714D77 /* FavoritesNavigationBar.swift */ = {isa = PBXFileReference; fileEncoding = 4; lastKnownFileType = sourcecode.swift; path = FavoritesNavigationBar.swift; sourceTree = "<group>"; };
		0B7EAC8225A99DC400714D77 /* FavoritesNavigationBar.xib */ = {isa = PBXFileReference; fileEncoding = 4; lastKnownFileType = file.xib; path = FavoritesNavigationBar.xib; sourceTree = "<group>"; };
		0B7EAC8425A99DC400714D77 /* NotFoundView.swift */ = {isa = PBXFileReference; fileEncoding = 4; lastKnownFileType = sourcecode.swift; path = NotFoundView.swift; sourceTree = "<group>"; };
		0B7EAC8525A99DC400714D77 /* NotFoundView.xib */ = {isa = PBXFileReference; fileEncoding = 4; lastKnownFileType = file.xib; path = NotFoundView.xib; sourceTree = "<group>"; };
		0B7EAC8625A99DC400714D77 /* ProductListStoryboard.storyboard */ = {isa = PBXFileReference; fileEncoding = 4; lastKnownFileType = file.storyboard; path = ProductListStoryboard.storyboard; sourceTree = "<group>"; };
		0B7EAC8825A99DC400714D77 /* SearchNavigationBar.swift */ = {isa = PBXFileReference; fileEncoding = 4; lastKnownFileType = sourcecode.swift; path = SearchNavigationBar.swift; sourceTree = "<group>"; };
		0B7EAC8925A99DC400714D77 /* SearchNavigationBar.xib */ = {isa = PBXFileReference; fileEncoding = 4; lastKnownFileType = file.xib; path = SearchNavigationBar.xib; sourceTree = "<group>"; };
		0B7EAC8B25A99DC400714D77 /* ResultNavigationBar.swift */ = {isa = PBXFileReference; fileEncoding = 4; lastKnownFileType = sourcecode.swift; path = ResultNavigationBar.swift; sourceTree = "<group>"; };
		0B7EAC8C25A99DC400714D77 /* ResultNavigationBar.xib */ = {isa = PBXFileReference; fileEncoding = 4; lastKnownFileType = file.xib; path = ResultNavigationBar.xib; sourceTree = "<group>"; };
		0B7EAC8E25A99DC400714D77 /* NewsCollectionView.xib */ = {isa = PBXFileReference; fileEncoding = 4; lastKnownFileType = file.xib; path = NewsCollectionView.xib; sourceTree = "<group>"; };
		0B7EAC9025A99DC400714D77 /* NewCollectionViewCell.swift */ = {isa = PBXFileReference; fileEncoding = 4; lastKnownFileType = sourcecode.swift; path = NewCollectionViewCell.swift; sourceTree = "<group>"; };
		0B7EAC9125A99DC400714D77 /* NewCollectionViewCell.xib */ = {isa = PBXFileReference; fileEncoding = 4; lastKnownFileType = file.xib; path = NewCollectionViewCell.xib; sourceTree = "<group>"; };
		0B7EAC9225A99DC400714D77 /* NewsCollectionView.swift */ = {isa = PBXFileReference; fileEncoding = 4; lastKnownFileType = sourcecode.swift; path = NewsCollectionView.swift; sourceTree = "<group>"; };
		0B7EAC9425A99DC400714D77 /* ProductListCell.swift */ = {isa = PBXFileReference; fileEncoding = 4; lastKnownFileType = sourcecode.swift; path = ProductListCell.swift; sourceTree = "<group>"; };
		0B7EAC9525A99DC400714D77 /* ProductListCell.xib */ = {isa = PBXFileReference; fileEncoding = 4; lastKnownFileType = file.xib; path = ProductListCell.xib; sourceTree = "<group>"; };
		0B7EAC9725A99DC400714D77 /* ProductListNetworkManager.swift */ = {isa = PBXFileReference; fileEncoding = 4; lastKnownFileType = sourcecode.swift; path = ProductListNetworkManager.swift; sourceTree = "<group>"; };
		0B7EACEA25A9A1DD00714D77 /* WBProductModel.swift */ = {isa = PBXFileReference; lastKnownFileType = sourcecode.swift; path = WBProductModel.swift; sourceTree = "<group>"; };
		0B83501D2576460700C4C1FA /* Roboto-Medium.ttf */ = {isa = PBXFileReference; lastKnownFileType = file; path = "Roboto-Medium.ttf"; sourceTree = "<group>"; };
		0B83501E2576460700C4C1FA /* Roboto-Light.ttf */ = {isa = PBXFileReference; lastKnownFileType = file; path = "Roboto-Light.ttf"; sourceTree = "<group>"; };
		0B83501F2576460700C4C1FA /* Roboto-Regular.ttf */ = {isa = PBXFileReference; lastKnownFileType = file; path = "Roboto-Regular.ttf"; sourceTree = "<group>"; };
		0B8350202576460700C4C1FA /* Roboto-MediumItalic.ttf */ = {isa = PBXFileReference; lastKnownFileType = file; path = "Roboto-MediumItalic.ttf"; sourceTree = "<group>"; };
		0B8350222576460700C4C1FA /* Roboto-ThinItalic.ttf */ = {isa = PBXFileReference; lastKnownFileType = file; path = "Roboto-ThinItalic.ttf"; sourceTree = "<group>"; };
		0B8350232576460700C4C1FA /* Roboto-BoldItalic.ttf */ = {isa = PBXFileReference; lastKnownFileType = file; path = "Roboto-BoldItalic.ttf"; sourceTree = "<group>"; };
		0B8350242576460700C4C1FA /* Roboto-LightItalic.ttf */ = {isa = PBXFileReference; lastKnownFileType = file; path = "Roboto-LightItalic.ttf"; sourceTree = "<group>"; };
		0B8350252576460700C4C1FA /* Roboto-Italic.ttf */ = {isa = PBXFileReference; lastKnownFileType = file; path = "Roboto-Italic.ttf"; sourceTree = "<group>"; };
		0B8350262576460700C4C1FA /* Roboto-BlackItalic.ttf */ = {isa = PBXFileReference; lastKnownFileType = file; path = "Roboto-BlackItalic.ttf"; sourceTree = "<group>"; };
		0B8350272576460700C4C1FA /* Roboto-Bold.ttf */ = {isa = PBXFileReference; lastKnownFileType = file; path = "Roboto-Bold.ttf"; sourceTree = "<group>"; };
		0B8350282576460700C4C1FA /* Roboto-Thin.ttf */ = {isa = PBXFileReference; lastKnownFileType = file; path = "Roboto-Thin.ttf"; sourceTree = "<group>"; };
		0B8350292576460700C4C1FA /* Roboto-Black.ttf */ = {isa = PBXFileReference; lastKnownFileType = file; path = "Roboto-Black.ttf"; sourceTree = "<group>"; };
		0B83503A2576770A00C4C1FA /* ProductNetworkManager.swift */ = {isa = PBXFileReference; lastKnownFileType = sourcecode.swift; path = ProductNetworkManager.swift; sourceTree = "<group>"; };
		0B83503D25767BA600C4C1FA /* ProductModel.swift */ = {isa = PBXFileReference; lastKnownFileType = sourcecode.swift; path = ProductModel.swift; sourceTree = "<group>"; };
		0B9187A4257A253D00467C8B /* SliderImageViewController.swift */ = {isa = PBXFileReference; lastKnownFileType = sourcecode.swift; path = SliderImageViewController.swift; sourceTree = "<group>"; };
		0B9187A8257A255400467C8B /* ProductViewController.swift */ = {isa = PBXFileReference; lastKnownFileType = sourcecode.swift; path = ProductViewController.swift; sourceTree = "<group>"; };
		0BA94BC42574B11400A94DB1 /* AdSupport.framework */ = {isa = PBXFileReference; lastKnownFileType = wrapper.framework; name = AdSupport.framework; path = System/Library/Frameworks/AdSupport.framework; sourceTree = SDKROOT; };
		0BA94BC52574B11400A94DB1 /* iAd.framework */ = {isa = PBXFileReference; lastKnownFileType = wrapper.framework; name = iAd.framework; path = System/Library/Frameworks/iAd.framework; sourceTree = SDKROOT; };
		0BA94BEB2574BE5800A94DB1 /* SettingsAnalist.swift */ = {isa = PBXFileReference; fileEncoding = 4; lastKnownFileType = sourcecode.swift; path = SettingsAnalist.swift; sourceTree = "<group>"; };
		0BA94C052574C95500A94DB1 /* AnalyticsManager.swift */ = {isa = PBXFileReference; fileEncoding = 4; lastKnownFileType = sourcecode.swift; path = AnalyticsManager.swift; sourceTree = "<group>"; };
		0BBA99CE2583AF62002E7A7F /* WBPromo.entitlements */ = {isa = PBXFileReference; lastKnownFileType = text.plist.entitlements; path = WBPromo.entitlements; sourceTree = "<group>"; };
		0BC9BF2A2570BFF200445DFC /* SaleMarket.app */ = {isa = PBXFileReference; explicitFileType = wrapper.application; includeInIndex = 0; path = SaleMarket.app; sourceTree = BUILT_PRODUCTS_DIR; };
		0BC9BF2D2570BFF200445DFC /* AppDelegate.swift */ = {isa = PBXFileReference; lastKnownFileType = sourcecode.swift; path = AppDelegate.swift; sourceTree = "<group>"; };
		0BC9BF2F2570BFF200445DFC /* SceneDelegate.swift */ = {isa = PBXFileReference; lastKnownFileType = sourcecode.swift; path = SceneDelegate.swift; sourceTree = "<group>"; };
		0BC9BF342570BFF200445DFC /* Base */ = {isa = PBXFileReference; lastKnownFileType = file.storyboard; name = Base; path = Base.lproj/Main.storyboard; sourceTree = "<group>"; };
		0BC9BF362570BFF500445DFC /* Assets.xcassets */ = {isa = PBXFileReference; lastKnownFileType = folder.assetcatalog; path = Assets.xcassets; sourceTree = "<group>"; };
		0BC9BF392570BFF500445DFC /* Base */ = {isa = PBXFileReference; lastKnownFileType = file.storyboard; name = Base; path = Base.lproj/LaunchScreen.storyboard; sourceTree = "<group>"; };
		0BC9BF3B2570BFF500445DFC /* Info.plist */ = {isa = PBXFileReference; lastKnownFileType = text.plist.xml; path = Info.plist; sourceTree = "<group>"; };
		0BC9BF512570C6B200445DFC /* NetworkManager.swift */ = {isa = PBXFileReference; fileEncoding = 4; lastKnownFileType = sourcecode.swift; path = NetworkManager.swift; sourceTree = "<group>"; };
		0BD2E42C25A847F7003F9DE3 /* SettingsGlobal.swift */ = {isa = PBXFileReference; lastKnownFileType = sourcecode.swift; path = SettingsGlobal.swift; sourceTree = "<group>"; };
		0BF0B3DC257E56F3000B0CAB /* ImageLoader.swift */ = {isa = PBXFileReference; lastKnownFileType = sourcecode.swift; path = ImageLoader.swift; sourceTree = "<group>"; };
		0BF0B3EE257E8A48000B0CAB /* AppsFlyerLib.framework */ = {isa = PBXFileReference; lastKnownFileType = wrapper.framework; path = AppsFlyerLib.framework; sourceTree = "<group>"; };
		CE3449B02588B166002E0101 /* TabBarViewController.swift */ = {isa = PBXFileReference; lastKnownFileType = sourcecode.swift; path = TabBarViewController.swift; sourceTree = "<group>"; };
		CE3D12B92587842100921FD9 /* CoreDataManager.swift */ = {isa = PBXFileReference; fileEncoding = 4; lastKnownFileType = sourcecode.swift; path = CoreDataManager.swift; sourceTree = "<group>"; };
		CE3D12BA2587842100921FD9 /* CoreDataStack.swift */ = {isa = PBXFileReference; fileEncoding = 4; lastKnownFileType = sourcecode.swift; path = CoreDataStack.swift; sourceTree = "<group>"; };
		CE3D12C82587849A00921FD9 /* Products.xcdatamodel */ = {isa = PBXFileReference; lastKnownFileType = wrapper.xcdatamodel; path = Products.xcdatamodel; sourceTree = "<group>"; };
		CE4EC3262590705000DBCE85 /* UIView+.swift */ = {isa = PBXFileReference; lastKnownFileType = sourcecode.swift; path = "UIView+.swift"; sourceTree = "<group>"; };
		CE50BA6C25ABFFD000D1D717 /* ResultTestView.xib */ = {isa = PBXFileReference; fileEncoding = 4; lastKnownFileType = file.xib; path = ResultTestView.xib; sourceTree = "<group>"; };
		CE50BA6D25ABFFD000D1D717 /* ResultTestView.swift */ = {isa = PBXFileReference; fileEncoding = 4; lastKnownFileType = sourcecode.swift; path = ResultTestView.swift; sourceTree = "<group>"; };
		CE68AAA5258871B900C0EBA6 /* FavoritesManager.swift */ = {isa = PBXFileReference; lastKnownFileType = sourcecode.swift; path = FavoritesManager.swift; sourceTree = "<group>"; };
		CE6CA07F2595D3480035304C /* String+.swift */ = {isa = PBXFileReference; lastKnownFileType = sourcecode.swift; path = "String+.swift"; sourceTree = "<group>"; };
		CE6CA0852595D7B40035304C /* index-1.html */ = {isa = PBXFileReference; fileEncoding = 4; lastKnownFileType = text.html; path = "index-1.html"; sourceTree = "<group>"; };
		CE6CA0862595D7B40035304C /* index-2.html */ = {isa = PBXFileReference; fileEncoding = 4; lastKnownFileType = text.html; path = "index-2.html"; sourceTree = "<group>"; };
		CE71C59325AD5680000187A6 /* DefaultNavigationBar.swift */ = {isa = PBXFileReference; lastKnownFileType = sourcecode.swift; path = DefaultNavigationBar.swift; sourceTree = "<group>"; };
		CE71C59825AD568C000187A6 /* DefaultNavigationBar.xib */ = {isa = PBXFileReference; lastKnownFileType = file.xib; path = DefaultNavigationBar.xib; sourceTree = "<group>"; };
		CE71C59D25AD5F4F000187A6 /* HelpStoryboard.storyboard */ = {isa = PBXFileReference; lastKnownFileType = file.storyboard; path = HelpStoryboard.storyboard; sourceTree = "<group>"; };
		CE71C5A225AD601C000187A6 /* HelpViewController.swift */ = {isa = PBXFileReference; lastKnownFileType = sourcecode.swift; path = HelpViewController.swift; sourceTree = "<group>"; };
		CE71C5B525ADA3DA000187A6 /* EmptyView.swift */ = {isa = PBXFileReference; lastKnownFileType = sourcecode.swift; path = EmptyView.swift; sourceTree = "<group>"; };
		CE71C5BD25ADA3E2000187A6 /* EmptyView.xib */ = {isa = PBXFileReference; lastKnownFileType = file.xib; path = EmptyView.xib; sourceTree = "<group>"; };
		CE7B3A902599CA3200482965 /* ProductStoryboard.storyboard */ = {isa = PBXFileReference; lastKnownFileType = file.storyboard; path = ProductStoryboard.storyboard; sourceTree = "<group>"; };
		CE88A201258A0D7B00092010 /* UIImage+.swift */ = {isa = PBXFileReference; lastKnownFileType = sourcecode.swift; path = "UIImage+.swift"; sourceTree = "<group>"; };
		CE88A205258A1C5E00092010 /* ActivityIndicator.swift */ = {isa = PBXFileReference; lastKnownFileType = sourcecode.swift; path = ActivityIndicator.swift; sourceTree = "<group>"; };
		CE8FADD3258B0F8100D00CC5 /* UIViewController+.swift */ = {isa = PBXFileReference; lastKnownFileType = sourcecode.swift; path = "UIViewController+.swift"; sourceTree = "<group>"; };
		CEA31164259B294100546D5E /* ProductWebViewController.swift */ = {isa = PBXFileReference; lastKnownFileType = sourcecode.swift; path = ProductWebViewController.swift; sourceTree = "<group>"; };
/* End PBXFileReference section */

/* Begin PBXFrameworksBuildPhase section */
		0B6393BD25A6FDFD0088DFA7 /* Frameworks */ = {
			isa = PBXFrameworksBuildPhase;
			buildActionMask = 2147483647;
			files = (
			);
			runOnlyForDeploymentPostprocessing = 0;
		};
		0B7B983C257E1193005D504C /* Frameworks */ = {
			isa = PBXFrameworksBuildPhase;
			buildActionMask = 2147483647;
			files = (
				0B7B9852257E11C4005D504C /* OneSignal in Frameworks */,
			);
			runOnlyForDeploymentPostprocessing = 0;
		};
		0BC9BF272570BFF200445DFC /* Frameworks */ = {
			isa = PBXFrameworksBuildPhase;
			buildActionMask = 2147483647;
			files = (
				CEAC7A3225B05E5000662260 /* Charts in Frameworks */,
				CE4887C92587175B0023D5B8 /* NVActivityIndicatorView in Frameworks */,
				0BA94BD62574B49400A94DB1 /* OneSignal in Frameworks */,
				0BF0B3EF257E8A48000B0CAB /* AppsFlyerLib.framework in Frameworks */,
				0BA94BC72574B11400A94DB1 /* iAd.framework in Frameworks */,
			);
			runOnlyForDeploymentPostprocessing = 0;
		};
/* End PBXFrameworksBuildPhase section */

/* Begin PBXGroup section */
		0B12AF8E2594A71000144754 /* Tests */ = {
			isa = PBXGroup;
			children = (
				0B12AF8A2594A6A700144754 /* test-1.json */,
			);
			path = Tests;
			sourceTree = "<group>";
		};
		0B12AF912594AA2B00144754 /* Result test view */ = {
			isa = PBXGroup;
			children = (
				CE50BA6D25ABFFD000D1D717 /* ResultTestView.swift */,
				CE50BA6C25ABFFD000D1D717 /* ResultTestView.xib */,
			);
			path = "Result test view";
			sourceTree = "<group>";
		};
		0B12AF922594AA3700144754 /* Test view */ = {
			isa = PBXGroup;
			children = (
				0B12AFA32594AB9F00144754 /* Cell */,
				0B12AF932594AA5200144754 /* TestView.xib */,
				0B12AF9F2594AAF800144754 /* TestView.swift */,
			);
			path = "Test view";
			sourceTree = "<group>";
		};
		0B12AFA32594AB9F00144754 /* Cell */ = {
			isa = PBXGroup;
			children = (
				0B12AFA42594ABB400144754 /* TestTableViewCell.swift */,
				0B12AFA52594ABB400144754 /* TestTableViewCell.xib */,
			);
			path = Cell;
			sourceTree = "<group>";
		};
		0B2C03F82577EB600037083B /* Helpers */ = {
			isa = PBXGroup;
			children = (
				0B7080632594798C007A2A69 /* RadioButtonController */,
				0BF0B3DC257E56F3000B0CAB /* ImageLoader.swift */,
				CE88A205258A1C5E00092010 /* ActivityIndicator.swift */,
			);
			path = Helpers;
			sourceTree = "<group>";
		};
		0B451D2E2573632D00BAA54B /* Product */ = {
			isa = PBXGroup;
			children = (
				0B451D32257363C100BAA54B /* Model */,
				0B451D31257363B800BAA54B /* View */,
				0B451D2F2573633A00BAA54B /* Controller */,
				0B8350392576770A00C4C1FA /* ProductNetworkManager */,
			);
			path = Product;
			sourceTree = "<group>";
		};
		0B451D2F2573633A00BAA54B /* Controller */ = {
			isa = PBXGroup;
			children = (
				0B9187A3257A250A00467C8B /* SliderImageView */,
				0B9187A8257A255400467C8B /* ProductViewController.swift */,
				0B53D303257A3F7D00649CD2 /* ProductTableViewController.swift */,
				CEA31164259B294100546D5E /* ProductWebViewController.swift */,
			);
			path = Controller;
			sourceTree = "<group>";
		};
		0B451D31257363B800BAA54B /* View */ = {
			isa = PBXGroup;
			children = (
				0B771ACD257CAC2F008ADD69 /* Comments */,
				0B2FEBF325777C35001EDC8E /* ImageCollectionCell.swift */,
				0B2C03FE2577EFFA0037083B /* RatingStackView.swift */,
				CE7B3A902599CA3200482965 /* ProductStoryboard.storyboard */,
			);
			path = View;
			sourceTree = "<group>";
		};
		0B451D32257363C100BAA54B /* Model */ = {
			isa = PBXGroup;
			children = (
				0B83503D25767BA600C4C1FA /* ProductModel.swift */,
			);
			path = Model;
			sourceTree = "<group>";
		};
		0B6393C125A6FDFD0088DFA7 /* ShareExtension */ = {
			isa = PBXGroup;
			children = (
				0B6393D925A701DC0088DFA7 /* ShareExtension.entitlements */,
				0B6393C225A6FDFD0088DFA7 /* ShareViewController.swift */,
				0B6393C725A6FDFD0088DFA7 /* Info.plist */,
			);
			path = ShareExtension;
			sourceTree = "<group>";
		};
		0B70803F25945B4F007A2A69 /* Web view */ = {
			isa = PBXGroup;
			children = (
				0B70804225945B76007A2A69 /* Model */,
				0B70804125945B6E007A2A69 /* View */,
				0B70804025945B64007A2A69 /* Controller */,
			);
			path = "Web view";
			sourceTree = "<group>";
		};
		0B70804025945B64007A2A69 /* Controller */ = {
			isa = PBXGroup;
			children = (
				0B70803925944EEC007A2A69 /* WebViewController.swift */,
			);
			path = Controller;
			sourceTree = "<group>";
		};
		0B70804125945B6E007A2A69 /* View */ = {
			isa = PBXGroup;
			children = (
				0B70804325945B99007A2A69 /* WebViewStoryboard.storyboard */,
			);
			path = View;
			sourceTree = "<group>";
		};
		0B70804225945B76007A2A69 /* Model */ = {
			isa = PBXGroup;
			children = (
				CE6CA0782595D0A40035304C /* WebPages */,
			);
			path = Model;
			sourceTree = "<group>";
		};
		0B70804725945DC1007A2A69 /* Test view */ = {
			isa = PBXGroup;
			children = (
				0B70804A25945DD9007A2A69 /* Model */,
				0B70804925945DD3007A2A69 /* View */,
				0B70804825945DCA007A2A69 /* Controller */,
			);
			path = "Test view";
			sourceTree = "<group>";
		};
		0B70804825945DCA007A2A69 /* Controller */ = {
			isa = PBXGroup;
			children = (
				0B70804F25945DFF007A2A69 /* TestViewController.swift */,
			);
			path = Controller;
			sourceTree = "<group>";
		};
		0B70804925945DD3007A2A69 /* View */ = {
			isa = PBXGroup;
			children = (
				0B12AF922594AA3700144754 /* Test view */,
				0B12AF912594AA2B00144754 /* Result test view */,
				0B70804B25945DEE007A2A69 /* TestStoryboard.storyboard */,
			);
			path = View;
			sourceTree = "<group>";
		};
		0B70804A25945DD9007A2A69 /* Model */ = {
			isa = PBXGroup;
			children = (
				0B12AF862594A65700144754 /* TestModel.swift */,
				0B12AF8E2594A71000144754 /* Tests */,
			);
			path = Model;
			sourceTree = "<group>";
		};
		0B7080632594798C007A2A69 /* RadioButtonController */ = {
			isa = PBXGroup;
			children = (
				0B7080642594798C007A2A69 /* RadioButtonsController.swift */,
				0B7080652594798C007A2A69 /* RadioButton.swift */,
			);
			path = RadioButtonController;
			sourceTree = "<group>";
		};
		0B771ACD257CAC2F008ADD69 /* Comments */ = {
			isa = PBXGroup;
			children = (
				0B788800257B933F007DF3D9 /* CommentView.xib */,
				0B771ACF257CAC8D008ADD69 /* CommentView.swift */,
				0B771AD2257CB5F1008ADD69 /* CommentStackView.swift */,
			);
			path = Comments;
			sourceTree = "<group>";
		};
		0B7B9840257E1193005D504C /* OneSignalNotificationServiceExtension */ = {
			isa = PBXGroup;
			children = (
				0B7B9841257E1193005D504C /* NotificationService.swift */,
				0B7B9843257E1193005D504C /* Info.plist */,
			);
			path = OneSignalNotificationServiceExtension;
			sourceTree = "<group>";
		};
		0B7EAC7225A99DC400714D77 /* Product List */ = {
			isa = PBXGroup;
			children = (
				0B7EAC7325A99DC400714D77 /* Extension */,
				0B7EAC7625A99DC400714D77 /* Protocol */,
				0B7EAC7C25A99DC400714D77 /* Model */,
				0B7EAC7F25A99DC400714D77 /* View */,
				0B7EAC7A25A99DC400714D77 /* Controller */,
				0B7EAC9625A99DC400714D77 /* PromoListNetworkManager */,
			);
			path = "Product List";
			sourceTree = "<group>";
		};
		0B7EAC7325A99DC400714D77 /* Extension */ = {
			isa = PBXGroup;
			children = (
				0B7EAC7425A99DC400714D77 /* ProductListViewController+UITableView.swift */,
				0B7EAC7525A99DC400714D77 /* ProductListViewController+UISearchBar.swift */,
			);
			path = Extension;
			sourceTree = "<group>";
		};
		0B7EAC7625A99DC400714D77 /* Protocol */ = {
			isa = PBXGroup;
			children = (
				0B7EAC7825A99DC400714D77 /* CustomNavigationBarDelegate.swift */,
			);
			path = Protocol;
			sourceTree = "<group>";
		};
		0B7EAC7A25A99DC400714D77 /* Controller */ = {
			isa = PBXGroup;
			children = (
				0B7EAC7B25A99DC400714D77 /* ProductListViewController.swift */,
			);
			path = Controller;
			sourceTree = "<group>";
		};
		0B7EAC7C25A99DC400714D77 /* Model */ = {
			isa = PBXGroup;
			children = (
				0B7EACEA25A9A1DD00714D77 /* WBProductModel.swift */,
				0B7EAC7D25A99DC400714D77 /* NewsModel.swift */,
				0B7EAC7E25A99DC400714D77 /* ProductListModel.swift */,
			);
			path = Model;
			sourceTree = "<group>";
		};
		0B7EAC7F25A99DC400714D77 /* View */ = {
			isa = PBXGroup;
			children = (
				CE71C5B425ADA370000187A6 /* EmptyView */,
				CE71C59225AD564C000187A6 /* DefaultNavigationBar */,
				0B7EAC8025A99DC400714D77 /* FavoritesNavigationBar */,
				0B7EAC8325A99DC400714D77 /* NotFoundView */,
				0B7EAC8725A99DC400714D77 /* SearchNavigationBar */,
				0B7EAC8A25A99DC400714D77 /* ResultNavigationBar */,
				0B7EAC8D25A99DC400714D77 /* NewsView */,
				0B7EAC9325A99DC400714D77 /* ProductListCell */,
				0B7EAC8625A99DC400714D77 /* ProductListStoryboard.storyboard */,
			);
			path = View;
			sourceTree = "<group>";
		};
		0B7EAC8025A99DC400714D77 /* FavoritesNavigationBar */ = {
			isa = PBXGroup;
			children = (
				0B7EAC8125A99DC400714D77 /* FavoritesNavigationBar.swift */,
				0B7EAC8225A99DC400714D77 /* FavoritesNavigationBar.xib */,
			);
			path = FavoritesNavigationBar;
			sourceTree = "<group>";
		};
		0B7EAC8325A99DC400714D77 /* NotFoundView */ = {
			isa = PBXGroup;
			children = (
				0B7EAC8425A99DC400714D77 /* NotFoundView.swift */,
				0B7EAC8525A99DC400714D77 /* NotFoundView.xib */,
			);
			path = NotFoundView;
			sourceTree = "<group>";
		};
		0B7EAC8725A99DC400714D77 /* SearchNavigationBar */ = {
			isa = PBXGroup;
			children = (
				0B7EAC8825A99DC400714D77 /* SearchNavigationBar.swift */,
				0B7EAC8925A99DC400714D77 /* SearchNavigationBar.xib */,
			);
			path = SearchNavigationBar;
			sourceTree = "<group>";
		};
		0B7EAC8A25A99DC400714D77 /* ResultNavigationBar */ = {
			isa = PBXGroup;
			children = (
				0B7EAC8B25A99DC400714D77 /* ResultNavigationBar.swift */,
				0B7EAC8C25A99DC400714D77 /* ResultNavigationBar.xib */,
			);
			path = ResultNavigationBar;
			sourceTree = "<group>";
		};
		0B7EAC8D25A99DC400714D77 /* NewsView */ = {
			isa = PBXGroup;
			children = (
				0B7EAC8E25A99DC400714D77 /* NewsCollectionView.xib */,
				0B7EAC8F25A99DC400714D77 /* Cell */,
				0B7EAC9225A99DC400714D77 /* NewsCollectionView.swift */,
			);
			path = NewsView;
			sourceTree = "<group>";
		};
		0B7EAC8F25A99DC400714D77 /* Cell */ = {
			isa = PBXGroup;
			children = (
				0B7EAC9025A99DC400714D77 /* NewCollectionViewCell.swift */,
				0B7EAC9125A99DC400714D77 /* NewCollectionViewCell.xib */,
			);
			path = Cell;
			sourceTree = "<group>";
		};
		0B7EAC9325A99DC400714D77 /* ProductListCell */ = {
			isa = PBXGroup;
			children = (
				0B7EAC9425A99DC400714D77 /* ProductListCell.swift */,
				0B7EAC9525A99DC400714D77 /* ProductListCell.xib */,
			);
			path = ProductListCell;
			sourceTree = "<group>";
		};
		0B7EAC9625A99DC400714D77 /* PromoListNetworkManager */ = {
			isa = PBXGroup;
			children = (
				0B7EAC9725A99DC400714D77 /* ProductListNetworkManager.swift */,
			);
			path = PromoListNetworkManager;
			sourceTree = "<group>";
		};
		0B83501B257645F600C4C1FA /* Fonts */ = {
			isa = PBXGroup;
			children = (
				0B83501C2576460700C4C1FA /* roboto */,
			);
			path = Fonts;
			sourceTree = "<group>";
		};
		0B83501C2576460700C4C1FA /* roboto */ = {
			isa = PBXGroup;
			children = (
				0B83501D2576460700C4C1FA /* Roboto-Medium.ttf */,
				0B83501E2576460700C4C1FA /* Roboto-Light.ttf */,
				0B83501F2576460700C4C1FA /* Roboto-Regular.ttf */,
				0B8350202576460700C4C1FA /* Roboto-MediumItalic.ttf */,
				0B8350222576460700C4C1FA /* Roboto-ThinItalic.ttf */,
				0B8350232576460700C4C1FA /* Roboto-BoldItalic.ttf */,
				0B8350242576460700C4C1FA /* Roboto-LightItalic.ttf */,
				0B8350252576460700C4C1FA /* Roboto-Italic.ttf */,
				0B8350262576460700C4C1FA /* Roboto-BlackItalic.ttf */,
				0B8350272576460700C4C1FA /* Roboto-Bold.ttf */,
				0B8350282576460700C4C1FA /* Roboto-Thin.ttf */,
				0B8350292576460700C4C1FA /* Roboto-Black.ttf */,
			);
			path = roboto;
			sourceTree = "<group>";
		};
		0B8350392576770A00C4C1FA /* ProductNetworkManager */ = {
			isa = PBXGroup;
			children = (
				0B83503A2576770A00C4C1FA /* ProductNetworkManager.swift */,
			);
			path = ProductNetworkManager;
			sourceTree = "<group>";
		};
		0B9187A3257A250A00467C8B /* SliderImageView */ = {
			isa = PBXGroup;
			children = (
				0B9187A4257A253D00467C8B /* SliderImageViewController.swift */,
			);
			path = SliderImageView;
			sourceTree = "<group>";
		};
		0BA94BC32574B11300A94DB1 /* Frameworks */ = {
			isa = PBXGroup;
			children = (
				0BF0B3EE257E8A48000B0CAB /* AppsFlyerLib.framework */,
				0BA94BC42574B11400A94DB1 /* AdSupport.framework */,
				0BA94BC52574B11400A94DB1 /* iAd.framework */,
			);
			name = Frameworks;
			sourceTree = "<group>";
		};
		0BA94BCB2574B15700A94DB1 /* AD */ = {
			isa = PBXGroup;
			children = (
				0BA94C052574C95500A94DB1 /* AnalyticsManager.swift */,
			);
			path = AD;
			sourceTree = "<group>";
		};
		0BC9BF212570BFF200445DFC = {
			isa = PBXGroup;
			children = (
				0BBA99CE2583AF62002E7A7F /* WBPromo.entitlements */,
				0BC9BF2C2570BFF200445DFC /* SaleMarket */,
				0B7B9840257E1193005D504C /* OneSignalNotificationServiceExtension */,
				0B6393C125A6FDFD0088DFA7 /* ShareExtension */,
				0BC9BF2B2570BFF200445DFC /* Products */,
				0BA94BC32574B11300A94DB1 /* Frameworks */,
			);
			sourceTree = "<group>";
			usesTabs = 0;
		};
		0BC9BF2B2570BFF200445DFC /* Products */ = {
			isa = PBXGroup;
			children = (
				0BC9BF2A2570BFF200445DFC /* SaleMarket.app */,
				0B7B983F257E1193005D504C /* OneSignalNotificationServiceExtension.appex */,
				0B6393C025A6FDFD0088DFA7 /* ShareExtension.appex */,
			);
			name = Products;
			sourceTree = "<group>";
		};
		0BC9BF2C2570BFF200445DFC /* SaleMarket */ = {
			isa = PBXGroup;
			children = (
				CE88A200258A0D5400092010 /* Extensions */,
				0B2C03F82577EB600037083B /* Helpers */,
				0BC9BF422570C00E00445DFC /* Application */,
				0BC9BF482570C50100445DFC /* Products and Favorites */,
				0BC9BF462570C29500445DFC /* Supporting Files */,
			);
			path = SaleMarket;
			sourceTree = "<group>";
		};
		0BC9BF422570C00E00445DFC /* Application */ = {
			isa = PBXGroup;
			children = (
				CE3D12B82587842100921FD9 /* CoreData */,
				0BA94BCB2574B15700A94DB1 /* AD */,
				0BC9BF452570C02500445DFC /* Model */,
				0BC9BF442570C02000445DFC /* View */,
				0BC9BF432570C01900445DFC /* Controller */,
				0BC9BF502570C6B200445DFC /* NetworkManager */,
			);
			path = Application;
			sourceTree = "<group>";
		};
		0BC9BF432570C01900445DFC /* Controller */ = {
			isa = PBXGroup;
			children = (
				0BC9BF2D2570BFF200445DFC /* AppDelegate.swift */,
				0BC9BF2F2570BFF200445DFC /* SceneDelegate.swift */,
				CE3449B02588B166002E0101 /* TabBarViewController.swift */,
			);
			path = Controller;
			sourceTree = "<group>";
		};
		0BC9BF442570C02000445DFC /* View */ = {
			isa = PBXGroup;
			children = (
				0BC9BF332570BFF200445DFC /* Main.storyboard */,
				0BC9BF382570BFF500445DFC /* LaunchScreen.storyboard */,
			);
			path = View;
			sourceTree = "<group>";
		};
		0BC9BF452570C02500445DFC /* Model */ = {
			isa = PBXGroup;
			children = (
				0BA94BEB2574BE5800A94DB1 /* SettingsAnalist.swift */,
				CE68AAA5258871B900C0EBA6 /* FavoritesManager.swift */,
				0BD2E42C25A847F7003F9DE3 /* SettingsGlobal.swift */,
			);
			path = Model;
			sourceTree = "<group>";
		};
		0BC9BF462570C29500445DFC /* Supporting Files */ = {
			isa = PBXGroup;
			children = (
				0B83501B257645F600C4C1FA /* Fonts */,
				0BC9BF362570BFF500445DFC /* Assets.xcassets */,
				0BC9BF3B2570BFF500445DFC /* Info.plist */,
			);
			path = "Supporting Files";
			sourceTree = "<group>";
		};
		0BC9BF482570C50100445DFC /* Products and Favorites */ = {
			isa = PBXGroup;
			children = (
				CE71C58125AD4D3A000187A6 /* Help */,
				0B70804725945DC1007A2A69 /* Test view */,
				0B70803F25945B4F007A2A69 /* Web view */,
				0B7EAC7225A99DC400714D77 /* Product List */,
				0B451D2E2573632D00BAA54B /* Product */,
			);
			path = "Products and Favorites";
			sourceTree = "<group>";
		};
		0BC9BF502570C6B200445DFC /* NetworkManager */ = {
			isa = PBXGroup;
			children = (
				0BC9BF512570C6B200445DFC /* NetworkManager.swift */,
			);
			path = NetworkManager;
			sourceTree = "<group>";
		};
		CE3D12B82587842100921FD9 /* CoreData */ = {
			isa = PBXGroup;
			children = (
				CE3D12B92587842100921FD9 /* CoreDataManager.swift */,
				CE3D12BA2587842100921FD9 /* CoreDataStack.swift */,
				CE3D12C72587849A00921FD9 /* Products.xcdatamodeld */,
			);
			path = CoreData;
			sourceTree = "<group>";
		};
		CE6CA0782595D0A40035304C /* WebPages */ = {
			isa = PBXGroup;
			children = (
				CE6CA0852595D7B40035304C /* index-1.html */,
				CE6CA0862595D7B40035304C /* index-2.html */,
			);
			path = WebPages;
			sourceTree = "<group>";
		};
		CE71C58125AD4D3A000187A6 /* Help */ = {
			isa = PBXGroup;
			children = (
				CE71C58425AD4D5C000187A6 /* Modal */,
				CE71C58325AD4D53000187A6 /* View */,
				CE71C58225AD4D47000187A6 /* Controller */,
			);
			path = Help;
			sourceTree = "<group>";
		};
		CE71C58225AD4D47000187A6 /* Controller */ = {
			isa = PBXGroup;
			children = (
				CE71C5A225AD601C000187A6 /* HelpViewController.swift */,
			);
			path = Controller;
			sourceTree = "<group>";
		};
		CE71C58325AD4D53000187A6 /* View */ = {
			isa = PBXGroup;
			children = (
				CE71C59D25AD5F4F000187A6 /* HelpStoryboard.storyboard */,
			);
			path = View;
			sourceTree = "<group>";
		};
		CE71C58425AD4D5C000187A6 /* Modal */ = {
			isa = PBXGroup;
			children = (
			);
			path = Modal;
			sourceTree = "<group>";
		};
		CE71C59225AD564C000187A6 /* DefaultNavigationBar */ = {
			isa = PBXGroup;
			children = (
				CE71C59325AD5680000187A6 /* DefaultNavigationBar.swift */,
				CE71C59825AD568C000187A6 /* DefaultNavigationBar.xib */,
			);
			path = DefaultNavigationBar;
			sourceTree = "<group>";
		};
		CE71C5B425ADA370000187A6 /* EmptyView */ = {
			isa = PBXGroup;
			children = (
				CE71C5B525ADA3DA000187A6 /* EmptyView.swift */,
				CE71C5BD25ADA3E2000187A6 /* EmptyView.xib */,
			);
			path = EmptyView;
			sourceTree = "<group>";
		};
		CE88A200258A0D5400092010 /* Extensions */ = {
			isa = PBXGroup;
			children = (
				CE6CA07F2595D3480035304C /* String+.swift */,
				CE88A201258A0D7B00092010 /* UIImage+.swift */,
				CE8FADD3258B0F8100D00CC5 /* UIViewController+.swift */,
				CE4EC3262590705000DBCE85 /* UIView+.swift */,
				0B7EABEE25A99A6200714D77 /* UIButton+.swift */,
			);
			path = Extensions;
			sourceTree = "<group>";
		};
/* End PBXGroup section */

/* Begin PBXNativeTarget section */
		0B6393BF25A6FDFD0088DFA7 /* ShareExtension */ = {
			isa = PBXNativeTarget;
			buildConfigurationList = 0B6393CB25A6FDFD0088DFA7 /* Build configuration list for PBXNativeTarget "ShareExtension" */;
			buildPhases = (
				0B6393BC25A6FDFD0088DFA7 /* Sources */,
				0B6393BD25A6FDFD0088DFA7 /* Frameworks */,
				0B6393BE25A6FDFD0088DFA7 /* Resources */,
			);
			buildRules = (
			);
			dependencies = (
			);
			name = ShareExtension;
			productName = ShareExtension;
			productReference = 0B6393C025A6FDFD0088DFA7 /* ShareExtension.appex */;
			productType = "com.apple.product-type.app-extension";
		};
		0B7B983E257E1193005D504C /* OneSignalNotificationServiceExtension */ = {
			isa = PBXNativeTarget;
			buildConfigurationList = 0B7B9847257E1193005D504C /* Build configuration list for PBXNativeTarget "OneSignalNotificationServiceExtension" */;
			buildPhases = (
				0B7B983B257E1193005D504C /* Sources */,
				0B7B983C257E1193005D504C /* Frameworks */,
				0B7B983D257E1193005D504C /* Resources */,
			);
			buildRules = (
			);
			dependencies = (
			);
			name = OneSignalNotificationServiceExtension;
			packageProductDependencies = (
				0B7B9851257E11C4005D504C /* OneSignal */,
			);
			productName = OneSignalNotificationServiceExtension;
			productReference = 0B7B983F257E1193005D504C /* OneSignalNotificationServiceExtension.appex */;
			productType = "com.apple.product-type.app-extension";
		};
		0BC9BF292570BFF200445DFC /* SaleMarket */ = {
			isa = PBXNativeTarget;
			buildConfigurationList = 0BC9BF3E2570BFF500445DFC /* Build configuration list for PBXNativeTarget "SaleMarket" */;
			buildPhases = (
				0BC9BF262570BFF200445DFC /* Sources */,
				0BC9BF272570BFF200445DFC /* Frameworks */,
				0BC9BF282570BFF200445DFC /* Resources */,
				0B7B984A257E1193005D504C /* Embed App Extensions */,
				CEAC7A1B25B052FE00662260 /* Embed Frameworks */,
			);
			buildRules = (
			);
			dependencies = (
				0B7B9845257E1193005D504C /* PBXTargetDependency */,
				0B6393C925A6FDFD0088DFA7 /* PBXTargetDependency */,
			);
			name = SaleMarket;
			packageProductDependencies = (
				0BA94BD52574B49400A94DB1 /* OneSignal */,
				CE4887C82587175B0023D5B8 /* NVActivityIndicatorView */,
				CEAC7A3125B05E5000662260 /* Charts */,
			);
			productName = WBPromo;
			productReference = 0BC9BF2A2570BFF200445DFC /* SaleMarket.app */;
			productType = "com.apple.product-type.application";
		};
/* End PBXNativeTarget section */

/* Begin PBXProject section */
		0BC9BF222570BFF200445DFC /* Project object */ = {
			isa = PBXProject;
			attributes = {
				LastSwiftUpdateCheck = 1230;
				LastUpgradeCheck = 1220;
				TargetAttributes = {
					0B6393BF25A6FDFD0088DFA7 = {
						CreatedOnToolsVersion = 12.3;
					};
					0B7B983E257E1193005D504C = {
						CreatedOnToolsVersion = 12.2;
					};
					0BC9BF292570BFF200445DFC = {
						CreatedOnToolsVersion = 12.2;
					};
				};
			};
			buildConfigurationList = 0BC9BF252570BFF200445DFC /* Build configuration list for PBXProject "SaleMarket" */;
			compatibilityVersion = "Xcode 9.3";
			developmentRegion = en;
			hasScannedForEncodings = 0;
			knownRegions = (
				en,
				Base,
			);
			mainGroup = 0BC9BF212570BFF200445DFC;
			packageReferences = (
				0BA94BD42574B49400A94DB1 /* XCRemoteSwiftPackageReference "OneSignal-iOS-SDK" */,
				CE4887C72587175B0023D5B8 /* XCRemoteSwiftPackageReference "NVActivityIndicatorView" */,
				CEAC7A3025B05E5000662260 /* XCRemoteSwiftPackageReference "Charts" */,
			);
			productRefGroup = 0BC9BF2B2570BFF200445DFC /* Products */;
			projectDirPath = "";
			projectRoot = "";
			targets = (
				0BC9BF292570BFF200445DFC /* SaleMarket */,
				0B7B983E257E1193005D504C /* OneSignalNotificationServiceExtension */,
				0B6393BF25A6FDFD0088DFA7 /* ShareExtension */,
			);
		};
/* End PBXProject section */

/* Begin PBXResourcesBuildPhase section */
		0B6393BE25A6FDFD0088DFA7 /* Resources */ = {
			isa = PBXResourcesBuildPhase;
			buildActionMask = 2147483647;
			files = (
			);
			runOnlyForDeploymentPostprocessing = 0;
		};
		0B7B983D257E1193005D504C /* Resources */ = {
			isa = PBXResourcesBuildPhase;
			buildActionMask = 2147483647;
			files = (
			);
			runOnlyForDeploymentPostprocessing = 0;
		};
		0BC9BF282570BFF200445DFC /* Resources */ = {
			isa = PBXResourcesBuildPhase;
			buildActionMask = 2147483647;
			files = (
				CE71C59925AD568C000187A6 /* DefaultNavigationBar.xib in Resources */,
				0B8350342576460700C4C1FA /* Roboto-Bold.ttf in Resources */,
				0B70804425945B99007A2A69 /* WebViewStoryboard.storyboard in Resources */,
				0B8350312576460700C4C1FA /* Roboto-LightItalic.ttf in Resources */,
				0B83502C2576460700C4C1FA /* Roboto-Regular.ttf in Resources */,
				0B8350302576460700C4C1FA /* Roboto-BoldItalic.ttf in Resources */,
				0B8350322576460700C4C1FA /* Roboto-Italic.ttf in Resources */,
				0B788801257B933F007DF3D9 /* CommentView.xib in Resources */,
				0B70804C25945DEE007A2A69 /* TestStoryboard.storyboard in Resources */,
				0B8350352576460700C4C1FA /* Roboto-Thin.ttf in Resources */,
				0B12AFA72594ABB400144754 /* TestTableViewCell.xib in Resources */,
				CE6CA0882595D7B40035304C /* index-2.html in Resources */,
				0B7EACA925A99DC400714D77 /* NewsCollectionView.xib in Resources */,
				CE50BA6E25ABFFD000D1D717 /* ResultTestView.xib in Resources */,
				0B7EACA125A99DC400714D77 /* FavoritesNavigationBar.xib in Resources */,
				0B83502B2576460700C4C1FA /* Roboto-Light.ttf in Resources */,
				0B7EACA425A99DC400714D77 /* ProductListStoryboard.storyboard in Resources */,
				0B83502D2576460700C4C1FA /* Roboto-MediumItalic.ttf in Resources */,
				CE71C59E25AD5F4F000187A6 /* HelpStoryboard.storyboard in Resources */,
				0B8350362576460700C4C1FA /* Roboto-Black.ttf in Resources */,
				0B7EACA825A99DC400714D77 /* ResultNavigationBar.xib in Resources */,
				0BC9BF3A2570BFF500445DFC /* LaunchScreen.storyboard in Resources */,
				0B12AF942594AA5200144754 /* TestView.xib in Resources */,
				0B7EACA325A99DC400714D77 /* NotFoundView.xib in Resources */,
				0B12AF8B2594A6A700144754 /* test-1.json in Resources */,
				0BC9BF372570BFF500445DFC /* Assets.xcassets in Resources */,
				0B7EACA625A99DC400714D77 /* SearchNavigationBar.xib in Resources */,
				0B8350332576460700C4C1FA /* Roboto-BlackItalic.ttf in Resources */,
				CE71C5BE25ADA3E2000187A6 /* EmptyView.xib in Resources */,
				0B7EACAB25A99DC400714D77 /* NewCollectionViewCell.xib in Resources */,
				CE6CA0872595D7B40035304C /* index-1.html in Resources */,
				0B83502F2576460700C4C1FA /* Roboto-ThinItalic.ttf in Resources */,
				0B7EACAE25A99DC400714D77 /* ProductListCell.xib in Resources */,
				0BC9BF352570BFF200445DFC /* Main.storyboard in Resources */,
				CE7B3A912599CA3200482965 /* ProductStoryboard.storyboard in Resources */,
				0B83502A2576460700C4C1FA /* Roboto-Medium.ttf in Resources */,
			);
			runOnlyForDeploymentPostprocessing = 0;
		};
/* End PBXResourcesBuildPhase section */

/* Begin PBXSourcesBuildPhase section */
		0B6393BC25A6FDFD0088DFA7 /* Sources */ = {
			isa = PBXSourcesBuildPhase;
			buildActionMask = 2147483647;
			files = (
				0B6393C325A6FDFD0088DFA7 /* ShareViewController.swift in Sources */,
			);
			runOnlyForDeploymentPostprocessing = 0;
		};
		0B7B983B257E1193005D504C /* Sources */ = {
			isa = PBXSourcesBuildPhase;
			buildActionMask = 2147483647;
			files = (
				0B7B9842257E1193005D504C /* NotificationService.swift in Sources */,
			);
			runOnlyForDeploymentPostprocessing = 0;
		};
		0BC9BF262570BFF200445DFC /* Sources */ = {
			isa = PBXSourcesBuildPhase;
			buildActionMask = 2147483647;
			files = (
				CE3D12C02587842100921FD9 /* CoreDataStack.swift in Sources */,
				0B7EAC9D25A99DC400714D77 /* ProductListViewController.swift in Sources */,
				0B9187A9257A255400467C8B /* ProductViewController.swift in Sources */,
				0B12AF872594A65700144754 /* TestModel.swift in Sources */,
				0B2FEBF425777C35001EDC8E /* ImageCollectionCell.swift in Sources */,
				0B7EAC9825A99DC400714D77 /* ProductListViewController+UITableView.swift in Sources */,
				CE71C59425AD5680000187A6 /* DefaultNavigationBar.swift in Sources */,
				CE50BA6F25ABFFD000D1D717 /* ResultTestView.swift in Sources */,
				0B12AFA02594AAF800144754 /* TestView.swift in Sources */,
				0B771AD0257CAC8D008ADD69 /* CommentView.swift in Sources */,
				CE71C5B625ADA3DA000187A6 /* EmptyView.swift in Sources */,
				0B7EACA525A99DC400714D77 /* SearchNavigationBar.swift in Sources */,
				0B7EACA025A99DC400714D77 /* FavoritesNavigationBar.swift in Sources */,
				CE71C5A325AD601C000187A6 /* HelpViewController.swift in Sources */,
				0B7EABEF25A99A6200714D77 /* UIButton+.swift in Sources */,
				0B2FEBEE2577529A001EDC8E /* ProductNetworkManager.swift in Sources */,
				CE6CA0802595D3480035304C /* String+.swift in Sources */,
				0B7EACAA25A99DC400714D77 /* NewCollectionViewCell.swift in Sources */,
				0B70805025945DFF007A2A69 /* TestViewController.swift in Sources */,
				0B7EACA725A99DC400714D77 /* ResultNavigationBar.swift in Sources */,
				CE4EC3272590705000DBCE85 /* UIView+.swift in Sources */,
				0B2C03FF2577EFFA0037083B /* RatingStackView.swift in Sources */,
				0B7EAC9B25A99DC400714D77 /* CustomNavigationBarDelegate.swift in Sources */,
				CE88A202258A0D7B00092010 /* UIImage+.swift in Sources */,
				0B7EAC9E25A99DC400714D77 /* NewsModel.swift in Sources */,
				0B7EACAF25A99DC400714D77 /* ProductListNetworkManager.swift in Sources */,
				CE68AAA6258871B900C0EBA6 /* FavoritesManager.swift in Sources */,
				0BC9BF2E2570BFF200445DFC /* AppDelegate.swift in Sources */,
				0B7EAC9F25A99DC400714D77 /* ProductListModel.swift in Sources */,
				0BC9BF522570C6B200445DFC /* NetworkManager.swift in Sources */,
				0B7EACEB25A9A1DD00714D77 /* WBProductModel.swift in Sources */,
				CE3D12C92587849A00921FD9 /* Products.xcdatamodeld in Sources */,
				0B7080672594798C007A2A69 /* RadioButton.swift in Sources */,
				0B7080662594798C007A2A69 /* RadioButtonsController.swift in Sources */,
				CE8FADD4258B0F8100D00CC5 /* UIViewController+.swift in Sources */,
				0BD2E42D25A847F7003F9DE3 /* SettingsGlobal.swift in Sources */,
				0BF0B3DD257E56F3000B0CAB /* ImageLoader.swift in Sources */,
				CE88A206258A1C5E00092010 /* ActivityIndicator.swift in Sources */,
				0BA94BEC2574BE5800A94DB1 /* SettingsAnalist.swift in Sources */,
				CE3449B12588B166002E0101 /* TabBarViewController.swift in Sources */,
				0B9187A5257A253D00467C8B /* SliderImageViewController.swift in Sources */,
				0BA94C062574C95500A94DB1 /* AnalyticsManager.swift in Sources */,
				0B7EACAC25A99DC400714D77 /* NewsCollectionView.swift in Sources */,
				0B83503E25767BA600C4C1FA /* ProductModel.swift in Sources */,
				CEA31165259B294100546D5E /* ProductWebViewController.swift in Sources */,
				0B53D304257A3F7D00649CD2 /* ProductTableViewController.swift in Sources */,
				0B7EAC9925A99DC400714D77 /* ProductListViewController+UISearchBar.swift in Sources */,
				0B7EACAD25A99DC400714D77 /* ProductListCell.swift in Sources */,
				0BC9BF302570BFF200445DFC /* SceneDelegate.swift in Sources */,
				CE3D12BF2587842100921FD9 /* CoreDataManager.swift in Sources */,
				0B12AFA62594ABB400144754 /* TestTableViewCell.swift in Sources */,
				0B70803A25944EEC007A2A69 /* WebViewController.swift in Sources */,
				0B7EACA225A99DC400714D77 /* NotFoundView.swift in Sources */,
				0B771AD3257CB5F1008ADD69 /* CommentStackView.swift in Sources */,
			);
			runOnlyForDeploymentPostprocessing = 0;
		};
/* End PBXSourcesBuildPhase section */

/* Begin PBXTargetDependency section */
		0B6393C925A6FDFD0088DFA7 /* PBXTargetDependency */ = {
			isa = PBXTargetDependency;
			target = 0B6393BF25A6FDFD0088DFA7 /* ShareExtension */;
			targetProxy = 0B6393C825A6FDFD0088DFA7 /* PBXContainerItemProxy */;
		};
		0B7B9845257E1193005D504C /* PBXTargetDependency */ = {
			isa = PBXTargetDependency;
			target = 0B7B983E257E1193005D504C /* OneSignalNotificationServiceExtension */;
			targetProxy = 0B7B9844257E1193005D504C /* PBXContainerItemProxy */;
		};
/* End PBXTargetDependency section */

/* Begin PBXVariantGroup section */
		0BC9BF332570BFF200445DFC /* Main.storyboard */ = {
			isa = PBXVariantGroup;
			children = (
				0BC9BF342570BFF200445DFC /* Base */,
			);
			name = Main.storyboard;
			sourceTree = "<group>";
		};
		0BC9BF382570BFF500445DFC /* LaunchScreen.storyboard */ = {
			isa = PBXVariantGroup;
			children = (
				0BC9BF392570BFF500445DFC /* Base */,
			);
			name = LaunchScreen.storyboard;
			sourceTree = "<group>";
		};
/* End PBXVariantGroup section */

/* Begin XCBuildConfiguration section */
		0B6393CC25A6FDFD0088DFA7 /* Debug */ = {
			isa = XCBuildConfiguration;
			buildSettings = {
				CODE_SIGN_ENTITLEMENTS = ShareExtension/ShareExtension.entitlements;
				CODE_SIGN_IDENTITY = "Apple Development";
				CODE_SIGN_STYLE = Automatic;
				CURRENT_PROJECT_VERSION = 12;
				DEVELOPMENT_TEAM = XW29RT8E9D;
				INFOPLIST_FILE = ShareExtension/Info.plist;
				IPHONEOS_DEPLOYMENT_TARGET = 13.0;
				LD_RUNPATH_SEARCH_PATHS = (
					"$(inherited)",
					"@executable_path/Frameworks",
					"@executable_path/../../Frameworks",
				);
				MARKETING_VERSION = 1.0.0;
				PRODUCT_BUNDLE_IDENTIFIER = ru.isaevtimur.SaleMarket.ShareExtension;
				PRODUCT_NAME = "$(TARGET_NAME)";
				SKIP_INSTALL = YES;
				SWIFT_VERSION = 5.0;
				TARGETED_DEVICE_FAMILY = 1;
			};
			name = Debug;
		};
		0B6393CD25A6FDFD0088DFA7 /* Release */ = {
			isa = XCBuildConfiguration;
			buildSettings = {
				CODE_SIGN_ENTITLEMENTS = ShareExtension/ShareExtension.entitlements;
				CODE_SIGN_IDENTITY = "Apple Development";
				CODE_SIGN_STYLE = Automatic;
				CURRENT_PROJECT_VERSION = 12;
				DEVELOPMENT_TEAM = XW29RT8E9D;
				INFOPLIST_FILE = ShareExtension/Info.plist;
				IPHONEOS_DEPLOYMENT_TARGET = 13.0;
				LD_RUNPATH_SEARCH_PATHS = (
					"$(inherited)",
					"@executable_path/Frameworks",
					"@executable_path/../../Frameworks",
				);
				MARKETING_VERSION = 1.0.0;
				PRODUCT_BUNDLE_IDENTIFIER = ru.isaevtimur.SaleMarket.ShareExtension;
				PRODUCT_NAME = "$(TARGET_NAME)";
				SKIP_INSTALL = YES;
				SWIFT_VERSION = 5.0;
				TARGETED_DEVICE_FAMILY = 1;
			};
			name = Release;
		};
		0B7B9848257E1193005D504C /* Debug */ = {
			isa = XCBuildConfiguration;
			buildSettings = {
				CODE_SIGN_STYLE = Automatic;
				CURRENT_PROJECT_VERSION = 12;
				DEVELOPMENT_TEAM = XW29RT8E9D;
				INFOPLIST_FILE = OneSignalNotificationServiceExtension/Info.plist;
				LD_RUNPATH_SEARCH_PATHS = (
					"$(inherited)",
					"@executable_path/Frameworks",
					"@executable_path/../../Frameworks",
				);
				MARKETING_VERSION = 1.0.0;
				PRODUCT_BUNDLE_IDENTIFIER = ru.isaevtimur.SaleMarket.OneSignalNotificationServiceExtension;
				PRODUCT_NAME = "$(TARGET_NAME)";
				SKIP_INSTALL = YES;
				SWIFT_VERSION = 5.0;
				TARGETED_DEVICE_FAMILY = 1;
			};
			name = Debug;
		};
		0B7B9849257E1193005D504C /* Release */ = {
			isa = XCBuildConfiguration;
			buildSettings = {
				CODE_SIGN_STYLE = Automatic;
				CURRENT_PROJECT_VERSION = 12;
				DEVELOPMENT_TEAM = XW29RT8E9D;
				INFOPLIST_FILE = OneSignalNotificationServiceExtension/Info.plist;
				LD_RUNPATH_SEARCH_PATHS = (
					"$(inherited)",
					"@executable_path/Frameworks",
					"@executable_path/../../Frameworks",
				);
				MARKETING_VERSION = 1.0.0;
				PRODUCT_BUNDLE_IDENTIFIER = ru.isaevtimur.SaleMarket.OneSignalNotificationServiceExtension;
				PRODUCT_NAME = "$(TARGET_NAME)";
				SKIP_INSTALL = YES;
				SWIFT_VERSION = 5.0;
				TARGETED_DEVICE_FAMILY = 1;
			};
			name = Release;
		};
		0BC9BF3C2570BFF500445DFC /* Debug */ = {
			isa = XCBuildConfiguration;
			buildSettings = {
				ALWAYS_SEARCH_USER_PATHS = NO;
				CLANG_ANALYZER_NONNULL = YES;
				CLANG_ANALYZER_NUMBER_OBJECT_CONVERSION = YES_AGGRESSIVE;
				CLANG_CXX_LANGUAGE_STANDARD = "gnu++14";
				CLANG_CXX_LIBRARY = "libc++";
				CLANG_ENABLE_MODULES = YES;
				CLANG_ENABLE_OBJC_ARC = YES;
				CLANG_ENABLE_OBJC_WEAK = YES;
				CLANG_WARN_BLOCK_CAPTURE_AUTORELEASING = YES;
				CLANG_WARN_BOOL_CONVERSION = YES;
				CLANG_WARN_COMMA = YES;
				CLANG_WARN_CONSTANT_CONVERSION = YES;
				CLANG_WARN_DEPRECATED_OBJC_IMPLEMENTATIONS = YES;
				CLANG_WARN_DIRECT_OBJC_ISA_USAGE = YES_ERROR;
				CLANG_WARN_DOCUMENTATION_COMMENTS = YES;
				CLANG_WARN_EMPTY_BODY = YES;
				CLANG_WARN_ENUM_CONVERSION = YES;
				CLANG_WARN_INFINITE_RECURSION = YES;
				CLANG_WARN_INT_CONVERSION = YES;
				CLANG_WARN_NON_LITERAL_NULL_CONVERSION = YES;
				CLANG_WARN_OBJC_IMPLICIT_RETAIN_SELF = YES;
				CLANG_WARN_OBJC_LITERAL_CONVERSION = YES;
				CLANG_WARN_OBJC_ROOT_CLASS = YES_ERROR;
				CLANG_WARN_QUOTED_INCLUDE_IN_FRAMEWORK_HEADER = YES;
				CLANG_WARN_RANGE_LOOP_ANALYSIS = YES;
				CLANG_WARN_STRICT_PROTOTYPES = YES;
				CLANG_WARN_SUSPICIOUS_MOVE = YES;
				CLANG_WARN_UNGUARDED_AVAILABILITY = YES_AGGRESSIVE;
				CLANG_WARN_UNREACHABLE_CODE = YES;
				CLANG_WARN__DUPLICATE_METHOD_MATCH = YES;
				COPY_PHASE_STRIP = NO;
				DEBUG_INFORMATION_FORMAT = dwarf;
				ENABLE_STRICT_OBJC_MSGSEND = YES;
				ENABLE_TESTABILITY = YES;
				GCC_C_LANGUAGE_STANDARD = gnu11;
				GCC_DYNAMIC_NO_PIC = NO;
				GCC_NO_COMMON_BLOCKS = YES;
				GCC_OPTIMIZATION_LEVEL = 0;
				GCC_PREPROCESSOR_DEFINITIONS = (
					"DEBUG=1",
					"$(inherited)",
				);
				GCC_WARN_64_TO_32_BIT_CONVERSION = YES;
				GCC_WARN_ABOUT_RETURN_TYPE = YES_ERROR;
				GCC_WARN_UNDECLARED_SELECTOR = YES;
				GCC_WARN_UNINITIALIZED_AUTOS = YES_AGGRESSIVE;
				GCC_WARN_UNUSED_FUNCTION = YES;
				GCC_WARN_UNUSED_VARIABLE = YES;
				IPHONEOS_DEPLOYMENT_TARGET = 13.0;
				MTL_ENABLE_DEBUG_INFO = INCLUDE_SOURCE;
				MTL_FAST_MATH = YES;
				ONLY_ACTIVE_ARCH = YES;
				SDKROOT = iphoneos;
				SWIFT_ACTIVE_COMPILATION_CONDITIONS = DEBUG;
				SWIFT_OPTIMIZATION_LEVEL = "-Onone";
			};
			name = Debug;
		};
		0BC9BF3D2570BFF500445DFC /* Release */ = {
			isa = XCBuildConfiguration;
			buildSettings = {
				ALWAYS_SEARCH_USER_PATHS = NO;
				CLANG_ANALYZER_NONNULL = YES;
				CLANG_ANALYZER_NUMBER_OBJECT_CONVERSION = YES_AGGRESSIVE;
				CLANG_CXX_LANGUAGE_STANDARD = "gnu++14";
				CLANG_CXX_LIBRARY = "libc++";
				CLANG_ENABLE_MODULES = YES;
				CLANG_ENABLE_OBJC_ARC = YES;
				CLANG_ENABLE_OBJC_WEAK = YES;
				CLANG_WARN_BLOCK_CAPTURE_AUTORELEASING = YES;
				CLANG_WARN_BOOL_CONVERSION = YES;
				CLANG_WARN_COMMA = YES;
				CLANG_WARN_CONSTANT_CONVERSION = YES;
				CLANG_WARN_DEPRECATED_OBJC_IMPLEMENTATIONS = YES;
				CLANG_WARN_DIRECT_OBJC_ISA_USAGE = YES_ERROR;
				CLANG_WARN_DOCUMENTATION_COMMENTS = YES;
				CLANG_WARN_EMPTY_BODY = YES;
				CLANG_WARN_ENUM_CONVERSION = YES;
				CLANG_WARN_INFINITE_RECURSION = YES;
				CLANG_WARN_INT_CONVERSION = YES;
				CLANG_WARN_NON_LITERAL_NULL_CONVERSION = YES;
				CLANG_WARN_OBJC_IMPLICIT_RETAIN_SELF = YES;
				CLANG_WARN_OBJC_LITERAL_CONVERSION = YES;
				CLANG_WARN_OBJC_ROOT_CLASS = YES_ERROR;
				CLANG_WARN_QUOTED_INCLUDE_IN_FRAMEWORK_HEADER = YES;
				CLANG_WARN_RANGE_LOOP_ANALYSIS = YES;
				CLANG_WARN_STRICT_PROTOTYPES = YES;
				CLANG_WARN_SUSPICIOUS_MOVE = YES;
				CLANG_WARN_UNGUARDED_AVAILABILITY = YES_AGGRESSIVE;
				CLANG_WARN_UNREACHABLE_CODE = YES;
				CLANG_WARN__DUPLICATE_METHOD_MATCH = YES;
				COPY_PHASE_STRIP = NO;
				DEBUG_INFORMATION_FORMAT = "dwarf-with-dsym";
				ENABLE_NS_ASSERTIONS = NO;
				ENABLE_STRICT_OBJC_MSGSEND = YES;
				GCC_C_LANGUAGE_STANDARD = gnu11;
				GCC_NO_COMMON_BLOCKS = YES;
				GCC_WARN_64_TO_32_BIT_CONVERSION = YES;
				GCC_WARN_ABOUT_RETURN_TYPE = YES_ERROR;
				GCC_WARN_UNDECLARED_SELECTOR = YES;
				GCC_WARN_UNINITIALIZED_AUTOS = YES_AGGRESSIVE;
				GCC_WARN_UNUSED_FUNCTION = YES;
				GCC_WARN_UNUSED_VARIABLE = YES;
				IPHONEOS_DEPLOYMENT_TARGET = 13.0;
				MTL_ENABLE_DEBUG_INFO = NO;
				MTL_FAST_MATH = YES;
				SDKROOT = iphoneos;
				SWIFT_COMPILATION_MODE = wholemodule;
				SWIFT_OPTIMIZATION_LEVEL = "-O";
				VALIDATE_PRODUCT = YES;
			};
			name = Release;
		};
		0BC9BF3F2570BFF500445DFC /* Debug */ = {
			isa = XCBuildConfiguration;
			buildSettings = {
				ALWAYS_EMBED_SWIFT_STANDARD_LIBRARIES = YES;
				ASSETCATALOG_COMPILER_APPICON_NAME = AppIcon;
				ASSETCATALOG_COMPILER_GLOBAL_ACCENT_COLOR_NAME = AccentColor;
				CODE_SIGN_ENTITLEMENTS = WBPromo.entitlements;
				CODE_SIGN_IDENTITY = "Apple Development";
				CODE_SIGN_STYLE = Automatic;
				CURRENT_PROJECT_VERSION = 12;
				DEVELOPMENT_TEAM = XW29RT8E9D;
				FRAMEWORK_SEARCH_PATHS = (
					"$(inherited)",
					"$(PROJECT_DIR)",
				);
				INFOPLIST_FILE = "$(SRCROOT)/SaleMarket/Supporting Files/Info.plist";
				LD_RUNPATH_SEARCH_PATHS = (
					"$(inherited)",
					"@executable_path/Frameworks",
				);
				MARKETING_VERSION = 1.0.0;
				PRODUCT_BUNDLE_IDENTIFIER = ru.isaevtimur.SaleMarket;
				PRODUCT_NAME = "$(TARGET_NAME)";
				PROVISIONING_PROFILE_SPECIFIER = "";
				SWIFT_VERSION = 5.0;
				TARGETED_DEVICE_FAMILY = 1;
			};
			name = Debug;
		};
		0BC9BF402570BFF500445DFC /* Release */ = {
			isa = XCBuildConfiguration;
			buildSettings = {
				ALWAYS_EMBED_SWIFT_STANDARD_LIBRARIES = YES;
				ASSETCATALOG_COMPILER_APPICON_NAME = AppIcon;
				ASSETCATALOG_COMPILER_GLOBAL_ACCENT_COLOR_NAME = AccentColor;
				CODE_SIGN_ENTITLEMENTS = WBPromo.entitlements;
				CODE_SIGN_IDENTITY = "Apple Development";
				CODE_SIGN_STYLE = Automatic;
				CURRENT_PROJECT_VERSION = 12;
				DEVELOPMENT_TEAM = XW29RT8E9D;
				FRAMEWORK_SEARCH_PATHS = (
					"$(inherited)",
					"$(PROJECT_DIR)",
				);
				INFOPLIST_FILE = "$(SRCROOT)/SaleMarket/Supporting Files/Info.plist";
				LD_RUNPATH_SEARCH_PATHS = (
					"$(inherited)",
					"@executable_path/Frameworks",
				);
				MARKETING_VERSION = 1.0.0;
				PRODUCT_BUNDLE_IDENTIFIER = ru.isaevtimur.SaleMarket;
				PRODUCT_NAME = "$(TARGET_NAME)";
				PROVISIONING_PROFILE_SPECIFIER = "";
				SWIFT_VERSION = 5.0;
				TARGETED_DEVICE_FAMILY = 1;
			};
			name = Release;
		};
/* End XCBuildConfiguration section */

/* Begin XCConfigurationList section */
		0B6393CB25A6FDFD0088DFA7 /* Build configuration list for PBXNativeTarget "ShareExtension" */ = {
			isa = XCConfigurationList;
			buildConfigurations = (
				0B6393CC25A6FDFD0088DFA7 /* Debug */,
				0B6393CD25A6FDFD0088DFA7 /* Release */,
			);
			defaultConfigurationIsVisible = 0;
			defaultConfigurationName = Release;
		};
		0B7B9847257E1193005D504C /* Build configuration list for PBXNativeTarget "OneSignalNotificationServiceExtension" */ = {
			isa = XCConfigurationList;
			buildConfigurations = (
				0B7B9848257E1193005D504C /* Debug */,
				0B7B9849257E1193005D504C /* Release */,
			);
			defaultConfigurationIsVisible = 0;
			defaultConfigurationName = Release;
		};
		0BC9BF252570BFF200445DFC /* Build configuration list for PBXProject "SaleMarket" */ = {
			isa = XCConfigurationList;
			buildConfigurations = (
				0BC9BF3C2570BFF500445DFC /* Debug */,
				0BC9BF3D2570BFF500445DFC /* Release */,
			);
			defaultConfigurationIsVisible = 0;
			defaultConfigurationName = Release;
		};
		0BC9BF3E2570BFF500445DFC /* Build configuration list for PBXNativeTarget "SaleMarket" */ = {
			isa = XCConfigurationList;
			buildConfigurations = (
				0BC9BF3F2570BFF500445DFC /* Debug */,
				0BC9BF402570BFF500445DFC /* Release */,
			);
			defaultConfigurationIsVisible = 0;
			defaultConfigurationName = Release;
		};
/* End XCConfigurationList section */

/* Begin XCRemoteSwiftPackageReference section */
		0BA94BD42574B49400A94DB1 /* XCRemoteSwiftPackageReference "OneSignal-iOS-SDK" */ = {
			isa = XCRemoteSwiftPackageReference;
			repositoryURL = "https://github.com/OneSignal/OneSignal-iOS-SDK";
			requirement = {
				kind = upToNextMajorVersion;
				minimumVersion = 2.16.0;
			};
		};
		CE4887C72587175B0023D5B8 /* XCRemoteSwiftPackageReference "NVActivityIndicatorView" */ = {
			isa = XCRemoteSwiftPackageReference;
			repositoryURL = "https://github.com/ninjaprox/NVActivityIndicatorView";
			requirement = {
				kind = upToNextMajorVersion;
				minimumVersion = 5.1.1;
			};
		};
		CEAC7A3025B05E5000662260 /* XCRemoteSwiftPackageReference "Charts" */ = {
			isa = XCRemoteSwiftPackageReference;
			repositoryURL = "https://github.com/danielgindi/Charts.git";
			requirement = {
				kind = exactVersion;
				version = 3.6.0;
			};
		};
/* End XCRemoteSwiftPackageReference section */

/* Begin XCSwiftPackageProductDependency section */
		0B7B9851257E11C4005D504C /* OneSignal */ = {
			isa = XCSwiftPackageProductDependency;
			package = 0BA94BD42574B49400A94DB1 /* XCRemoteSwiftPackageReference "OneSignal-iOS-SDK" */;
			productName = OneSignal;
		};
		0BA94BD52574B49400A94DB1 /* OneSignal */ = {
			isa = XCSwiftPackageProductDependency;
			package = 0BA94BD42574B49400A94DB1 /* XCRemoteSwiftPackageReference "OneSignal-iOS-SDK" */;
			productName = OneSignal;
		};
		CE4887C82587175B0023D5B8 /* NVActivityIndicatorView */ = {
			isa = XCSwiftPackageProductDependency;
			package = CE4887C72587175B0023D5B8 /* XCRemoteSwiftPackageReference "NVActivityIndicatorView" */;
			productName = NVActivityIndicatorView;
		};
		CEAC7A3125B05E5000662260 /* Charts */ = {
			isa = XCSwiftPackageProductDependency;
			package = CEAC7A3025B05E5000662260 /* XCRemoteSwiftPackageReference "Charts" */;
			productName = Charts;
		};
/* End XCSwiftPackageProductDependency section */

/* Begin XCVersionGroup section */
		CE3D12C72587849A00921FD9 /* Products.xcdatamodeld */ = {
			isa = XCVersionGroup;
			children = (
				CE3D12C82587849A00921FD9 /* Products.xcdatamodel */,
			);
			currentVersion = CE3D12C82587849A00921FD9 /* Products.xcdatamodel */;
			path = Products.xcdatamodeld;
			sourceTree = "<group>";
			versionGroupType = wrapper.xcdatamodel;
		};
/* End XCVersionGroup section */
	};
	rootObject = 0BC9BF222570BFF200445DFC /* Project object */;
}
