// !$*UTF8*$!
{
	archiveVersion = 1;
	classes = {
	};
	objectVersion = 52;
	objects = {

/* Begin PBXBuildFile section */
		0B2C03FF2577EFFA0037083B /* RatingStackView.swift in Sources */ = {isa = PBXBuildFile; fileRef = 0B2C03FE2577EFFA0037083B /* RatingStackView.swift */; };
		0B2FEBEE2577529A001EDC8E /* ProductNetworkManager.swift in Sources */ = {isa = PBXBuildFile; fileRef = 0B83503A2576770A00C4C1FA /* ProductNetworkManager.swift */; };
		0B2FEBF425777C35001EDC8E /* ImageCollectionCell.swift in Sources */ = {isa = PBXBuildFile; fileRef = 0B2FEBF325777C35001EDC8E /* ImageCollectionCell.swift */; };
		0B53D304257A3F7D00649CD2 /* ProductTableViewController.swift in Sources */ = {isa = PBXBuildFile; fileRef = 0B53D303257A3F7D00649CD2 /* ProductTableViewController.swift */; };
		0B7080362594481E007A2A69 /* NewsModel.swift in Sources */ = {isa = PBXBuildFile; fileRef = 0B7080352594481E007A2A69 /* NewsModel.swift */; };
		0B70803A25944EEC007A2A69 /* WebViewController.swift in Sources */ = {isa = PBXBuildFile; fileRef = 0B70803925944EEC007A2A69 /* WebViewController.swift */; };
		0B70804425945B99007A2A69 /* WebViewStoryboard.storyboard in Resources */ = {isa = PBXBuildFile; fileRef = 0B70804325945B99007A2A69 /* WebViewStoryboard.storyboard */; };
		0B70804C25945DEE007A2A69 /* TestStoryboard.storyboard in Resources */ = {isa = PBXBuildFile; fileRef = 0B70804B25945DEE007A2A69 /* TestStoryboard.storyboard */; };
		0B70805025945DFF007A2A69 /* TestViewController.swift in Sources */ = {isa = PBXBuildFile; fileRef = 0B70804F25945DFF007A2A69 /* TestViewController.swift */; };
		0B708054259473FD007A2A69 /* CheckBox.swift in Sources */ = {isa = PBXBuildFile; fileRef = 0B708053259473FD007A2A69 /* CheckBox.swift */; };
		0B7080662594798C007A2A69 /* RadioButtonsController.swift in Sources */ = {isa = PBXBuildFile; fileRef = 0B7080642594798C007A2A69 /* RadioButtonsController.swift */; };
		0B7080672594798C007A2A69 /* RadioButton.swift in Sources */ = {isa = PBXBuildFile; fileRef = 0B7080652594798C007A2A69 /* RadioButton.swift */; };
		0B771AD0257CAC8D008ADD69 /* CommentView.swift in Sources */ = {isa = PBXBuildFile; fileRef = 0B771ACF257CAC8D008ADD69 /* CommentView.swift */; };
		0B771AD3257CB5F1008ADD69 /* CommentStackView.swift in Sources */ = {isa = PBXBuildFile; fileRef = 0B771AD2257CB5F1008ADD69 /* CommentStackView.swift */; };
		0B788801257B933F007DF3D9 /* CommentView.xib in Resources */ = {isa = PBXBuildFile; fileRef = 0B788800257B933F007DF3D9 /* CommentView.xib */; };
		0B7B9842257E1193005D504C /* NotificationService.swift in Sources */ = {isa = PBXBuildFile; fileRef = 0B7B9841257E1193005D504C /* NotificationService.swift */; };
		0B7B9846257E1193005D504C /* OneSignalNotificationServiceExtension.appex in Embed App Extensions */ = {isa = PBXBuildFile; fileRef = 0B7B983F257E1193005D504C /* OneSignalNotificationServiceExtension.appex */; settings = {ATTRIBUTES = (RemoveHeadersOnCopy, ); }; };
		0B7B9852257E11C4005D504C /* OneSignal in Frameworks */ = {isa = PBXBuildFile; productRef = 0B7B9851257E11C4005D504C /* OneSignal */; };
		0B83502A2576460700C4C1FA /* Roboto-Medium.ttf in Resources */ = {isa = PBXBuildFile; fileRef = 0B83501D2576460700C4C1FA /* Roboto-Medium.ttf */; };
		0B83502B2576460700C4C1FA /* Roboto-Light.ttf in Resources */ = {isa = PBXBuildFile; fileRef = 0B83501E2576460700C4C1FA /* Roboto-Light.ttf */; };
		0B83502C2576460700C4C1FA /* Roboto-Regular.ttf in Resources */ = {isa = PBXBuildFile; fileRef = 0B83501F2576460700C4C1FA /* Roboto-Regular.ttf */; };
		0B83502D2576460700C4C1FA /* Roboto-MediumItalic.ttf in Resources */ = {isa = PBXBuildFile; fileRef = 0B8350202576460700C4C1FA /* Roboto-MediumItalic.ttf */; };
		0B83502F2576460700C4C1FA /* Roboto-ThinItalic.ttf in Resources */ = {isa = PBXBuildFile; fileRef = 0B8350222576460700C4C1FA /* Roboto-ThinItalic.ttf */; };
		0B8350302576460700C4C1FA /* Roboto-BoldItalic.ttf in Resources */ = {isa = PBXBuildFile; fileRef = 0B8350232576460700C4C1FA /* Roboto-BoldItalic.ttf */; };
		0B8350312576460700C4C1FA /* Roboto-LightItalic.ttf in Resources */ = {isa = PBXBuildFile; fileRef = 0B8350242576460700C4C1FA /* Roboto-LightItalic.ttf */; };
		0B8350322576460700C4C1FA /* Roboto-Italic.ttf in Resources */ = {isa = PBXBuildFile; fileRef = 0B8350252576460700C4C1FA /* Roboto-Italic.ttf */; };
		0B8350332576460700C4C1FA /* Roboto-BlackItalic.ttf in Resources */ = {isa = PBXBuildFile; fileRef = 0B8350262576460700C4C1FA /* Roboto-BlackItalic.ttf */; };
		0B8350342576460700C4C1FA /* Roboto-Bold.ttf in Resources */ = {isa = PBXBuildFile; fileRef = 0B8350272576460700C4C1FA /* Roboto-Bold.ttf */; };
		0B8350352576460700C4C1FA /* Roboto-Thin.ttf in Resources */ = {isa = PBXBuildFile; fileRef = 0B8350282576460700C4C1FA /* Roboto-Thin.ttf */; };
		0B8350362576460700C4C1FA /* Roboto-Black.ttf in Resources */ = {isa = PBXBuildFile; fileRef = 0B8350292576460700C4C1FA /* Roboto-Black.ttf */; };
		0B83503E25767BA600C4C1FA /* ProductModel.swift in Sources */ = {isa = PBXBuildFile; fileRef = 0B83503D25767BA600C4C1FA /* ProductModel.swift */; };
		0B9187A5257A253D00467C8B /* SliderImageViewController.swift in Sources */ = {isa = PBXBuildFile; fileRef = 0B9187A4257A253D00467C8B /* SliderImageViewController.swift */; };
		0B9187A9257A255400467C8B /* ProductViewController.swift in Sources */ = {isa = PBXBuildFile; fileRef = 0B9187A8257A255400467C8B /* ProductViewController.swift */; };
		0BA94BC72574B11400A94DB1 /* iAd.framework in Frameworks */ = {isa = PBXBuildFile; fileRef = 0BA94BC52574B11400A94DB1 /* iAd.framework */; };
		0BA94BD62574B49400A94DB1 /* OneSignal in Frameworks */ = {isa = PBXBuildFile; productRef = 0BA94BD52574B49400A94DB1 /* OneSignal */; };
		0BA94BEC2574BE5800A94DB1 /* SettingsAnalist.swift in Sources */ = {isa = PBXBuildFile; fileRef = 0BA94BEB2574BE5800A94DB1 /* SettingsAnalist.swift */; };
		0BA94C062574C95500A94DB1 /* AnalyticsManager.swift in Sources */ = {isa = PBXBuildFile; fileRef = 0BA94C052574C95500A94DB1 /* AnalyticsManager.swift */; };
		0BC9BF2E2570BFF200445DFC /* AppDelegate.swift in Sources */ = {isa = PBXBuildFile; fileRef = 0BC9BF2D2570BFF200445DFC /* AppDelegate.swift */; };
		0BC9BF302570BFF200445DFC /* SceneDelegate.swift in Sources */ = {isa = PBXBuildFile; fileRef = 0BC9BF2F2570BFF200445DFC /* SceneDelegate.swift */; };
		0BC9BF322570BFF200445DFC /* ProductListViewController.swift in Sources */ = {isa = PBXBuildFile; fileRef = 0BC9BF312570BFF200445DFC /* ProductListViewController.swift */; };
		0BC9BF352570BFF200445DFC /* Main.storyboard in Resources */ = {isa = PBXBuildFile; fileRef = 0BC9BF332570BFF200445DFC /* Main.storyboard */; };
		0BC9BF372570BFF500445DFC /* Assets.xcassets in Resources */ = {isa = PBXBuildFile; fileRef = 0BC9BF362570BFF500445DFC /* Assets.xcassets */; };
		0BC9BF3A2570BFF500445DFC /* LaunchScreen.storyboard in Resources */ = {isa = PBXBuildFile; fileRef = 0BC9BF382570BFF500445DFC /* LaunchScreen.storyboard */; };
		0BC9BF522570C6B200445DFC /* NetworkManager.swift in Sources */ = {isa = PBXBuildFile; fileRef = 0BC9BF512570C6B200445DFC /* NetworkManager.swift */; };
		0BC9BF572570CE6F00445DFC /* ProductListModel.swift in Sources */ = {isa = PBXBuildFile; fileRef = 0BC9BF562570CE6F00445DFC /* ProductListModel.swift */; };
		0BC9BF5A2570DAF700445DFC /* ProductListCell.swift in Sources */ = {isa = PBXBuildFile; fileRef = 0BC9BF592570DAF700445DFC /* ProductListCell.swift */; };
		0BC9BF672570EC9100445DFC /* ProductListNetworkManager.swift in Sources */ = {isa = PBXBuildFile; fileRef = 0BC9BF662570EC9100445DFC /* ProductListNetworkManager.swift */; };
		0BF0B3DD257E56F3000B0CAB /* ImageLoader.swift in Sources */ = {isa = PBXBuildFile; fileRef = 0BF0B3DC257E56F3000B0CAB /* ImageLoader.swift */; };
		0BF0B3EF257E8A48000B0CAB /* AppsFlyerLib.framework in Frameworks */ = {isa = PBXBuildFile; fileRef = 0BF0B3EE257E8A48000B0CAB /* AppsFlyerLib.framework */; };
		CE3449B12588B166002E0101 /* TabBarViewController.swift in Sources */ = {isa = PBXBuildFile; fileRef = CE3449B02588B166002E0101 /* TabBarViewController.swift */; };
		CE3449B52588B9FC002E0101 /* FavoritesNavigationBar.xib in Resources */ = {isa = PBXBuildFile; fileRef = CE3449B42588B9FC002E0101 /* FavoritesNavigationBar.xib */; };
		CE3449B92588BB69002E0101 /* FavoritesNavigationBar.swift in Sources */ = {isa = PBXBuildFile; fileRef = CE3449B82588BB69002E0101 /* FavoritesNavigationBar.swift */; };
		CE3D12BF2587842100921FD9 /* CoreDataManager.swift in Sources */ = {isa = PBXBuildFile; fileRef = CE3D12B92587842100921FD9 /* CoreDataManager.swift */; };
		CE3D12C02587842100921FD9 /* CoreDataStack.swift in Sources */ = {isa = PBXBuildFile; fileRef = CE3D12BA2587842100921FD9 /* CoreDataStack.swift */; };
		CE3D12C92587849A00921FD9 /* Products.xcdatamodeld in Sources */ = {isa = PBXBuildFile; fileRef = CE3D12C72587849A00921FD9 /* Products.xcdatamodeld */; };
		CE4887C92587175B0023D5B8 /* NVActivityIndicatorView in Frameworks */ = {isa = PBXBuildFile; productRef = CE4887C82587175B0023D5B8 /* NVActivityIndicatorView */; };
		CE4EC31F2590568D00DBCE85 /* SearchNavigationBar.xib in Resources */ = {isa = PBXBuildFile; fileRef = CE4EC31E2590568D00DBCE85 /* SearchNavigationBar.xib */; };
		CE4EC3232590569F00DBCE85 /* SearchNavigationBar.swift in Sources */ = {isa = PBXBuildFile; fileRef = CE4EC3222590569F00DBCE85 /* SearchNavigationBar.swift */; };
		CE4EC3272590705000DBCE85 /* UIView+.swift in Sources */ = {isa = PBXBuildFile; fileRef = CE4EC3262590705000DBCE85 /* UIView+.swift */; };
		CE68AAA6258871B900C0EBA6 /* FavoritesManager.swift in Sources */ = {isa = PBXBuildFile; fileRef = CE68AAA5258871B900C0EBA6 /* FavoritesManager.swift */; };
		CE88A202258A0D7B00092010 /* UIImage+.swift in Sources */ = {isa = PBXBuildFile; fileRef = CE88A201258A0D7B00092010 /* UIImage+.swift */; };
		CE88A206258A1C5E00092010 /* ActivityIndicator.swift in Sources */ = {isa = PBXBuildFile; fileRef = CE88A205258A1C5E00092010 /* ActivityIndicator.swift */; };
		CE8FADD4258B0F8100D00CC5 /* UIViewController+.swift in Sources */ = {isa = PBXBuildFile; fileRef = CE8FADD3258B0F8100D00CC5 /* UIViewController+.swift */; };
		CE9032BC258C6CC800107810 /* ProductListViewController+UISearchBar.swift in Sources */ = {isa = PBXBuildFile; fileRef = CE9032BB258C6CC800107810 /* ProductListViewController+UISearchBar.swift */; };
		CE9032C0258C6CF300107810 /* ProductListViewController+UITableView.swift in Sources */ = {isa = PBXBuildFile; fileRef = CE9032BF258C6CF300107810 /* ProductListViewController+UITableView.swift */; };
		CE9032C7258C71E500107810 /* NewsCollectionView.xib in Resources */ = {isa = PBXBuildFile; fileRef = CE9032C6258C71E500107810 /* NewsCollectionView.xib */; };
		CE9032CB258C71FD00107810 /* NewsCollectionView.swift in Sources */ = {isa = PBXBuildFile; fileRef = CE9032CA258C71FD00107810 /* NewsCollectionView.swift */; };
		CEA14BC62591A4E8009D2F79 /* ResultNavigationBar.xib in Resources */ = {isa = PBXBuildFile; fileRef = CEA14BC52591A4E8009D2F79 /* ResultNavigationBar.xib */; };
		CEA14BCA2591A4F9009D2F79 /* ResultNavigationBar.swift in Sources */ = {isa = PBXBuildFile; fileRef = CEA14BC92591A4F9009D2F79 /* ResultNavigationBar.swift */; };
		CEB38C0C2591D9DF00242C08 /* CustomNavigationBarDelegate.swift in Sources */ = {isa = PBXBuildFile; fileRef = CEB38C0B2591D9DF00242C08 /* CustomNavigationBarDelegate.swift */; };
		CEBE7287258C94B700798DA4 /* NewCollectionViewCell.swift in Sources */ = {isa = PBXBuildFile; fileRef = CEBE7285258C94B700798DA4 /* NewCollectionViewCell.swift */; };
		CEBE7288258C94B700798DA4 /* NewCollectionViewCell.xib in Resources */ = {isa = PBXBuildFile; fileRef = CEBE7286258C94B700798DA4 /* NewCollectionViewCell.xib */; };
		CEBE72A5258CB35200798DA4 /* NotFoundView.swift in Sources */ = {isa = PBXBuildFile; fileRef = CEBE72A4258CB35200798DA4 /* NotFoundView.swift */; };
		CEBE72A9258CB36300798DA4 /* NotFoundView.xib in Resources */ = {isa = PBXBuildFile; fileRef = CEBE72A8258CB36300798DA4 /* NotFoundView.xib */; };
/* End PBXBuildFile section */

/* Begin PBXContainerItemProxy section */
		0B7B9844257E1193005D504C /* PBXContainerItemProxy */ = {
			isa = PBXContainerItemProxy;
			containerPortal = 0BC9BF222570BFF200445DFC /* Project object */;
			proxyType = 1;
			remoteGlobalIDString = 0B7B983E257E1193005D504C;
			remoteInfo = OneSignalNotificationServiceExtension;
		};
/* End PBXContainerItemProxy section */

/* Begin PBXCopyFilesBuildPhase section */
		0B7B984A257E1193005D504C /* Embed App Extensions */ = {
			isa = PBXCopyFilesBuildPhase;
			buildActionMask = 2147483647;
			dstPath = "";
			dstSubfolderSpec = 13;
			files = (
				0B7B9846257E1193005D504C /* OneSignalNotificationServiceExtension.appex in Embed App Extensions */,
			);
			name = "Embed App Extensions";
			runOnlyForDeploymentPostprocessing = 0;
		};
/* End PBXCopyFilesBuildPhase section */

/* Begin PBXFileReference section */
		0B2C03FE2577EFFA0037083B /* RatingStackView.swift */ = {isa = PBXFileReference; lastKnownFileType = sourcecode.swift; path = RatingStackView.swift; sourceTree = "<group>"; };
		0B2FEBF325777C35001EDC8E /* ImageCollectionCell.swift */ = {isa = PBXFileReference; lastKnownFileType = sourcecode.swift; path = ImageCollectionCell.swift; sourceTree = "<group>"; };
		0B53D303257A3F7D00649CD2 /* ProductTableViewController.swift */ = {isa = PBXFileReference; lastKnownFileType = sourcecode.swift; path = ProductTableViewController.swift; sourceTree = "<group>"; };
		0B7080352594481E007A2A69 /* NewsModel.swift */ = {isa = PBXFileReference; lastKnownFileType = sourcecode.swift; path = NewsModel.swift; sourceTree = "<group>"; };
		0B70803925944EEC007A2A69 /* WebViewController.swift */ = {isa = PBXFileReference; lastKnownFileType = sourcecode.swift; path = WebViewController.swift; sourceTree = "<group>"; };
		0B70804325945B99007A2A69 /* WebViewStoryboard.storyboard */ = {isa = PBXFileReference; lastKnownFileType = file.storyboard; path = WebViewStoryboard.storyboard; sourceTree = "<group>"; };
		0B70804B25945DEE007A2A69 /* TestStoryboard.storyboard */ = {isa = PBXFileReference; lastKnownFileType = file.storyboard; path = TestStoryboard.storyboard; sourceTree = "<group>"; };
		0B70804F25945DFF007A2A69 /* TestViewController.swift */ = {isa = PBXFileReference; lastKnownFileType = sourcecode.swift; path = TestViewController.swift; sourceTree = "<group>"; };
		0B708053259473FD007A2A69 /* CheckBox.swift */ = {isa = PBXFileReference; lastKnownFileType = sourcecode.swift; path = CheckBox.swift; sourceTree = "<group>"; };
		0B7080642594798C007A2A69 /* RadioButtonsController.swift */ = {isa = PBXFileReference; fileEncoding = 4; lastKnownFileType = sourcecode.swift; path = RadioButtonsController.swift; sourceTree = "<group>"; };
		0B7080652594798C007A2A69 /* RadioButton.swift */ = {isa = PBXFileReference; fileEncoding = 4; lastKnownFileType = sourcecode.swift; path = RadioButton.swift; sourceTree = "<group>"; };
		0B771ACF257CAC8D008ADD69 /* CommentView.swift */ = {isa = PBXFileReference; lastKnownFileType = sourcecode.swift; path = CommentView.swift; sourceTree = "<group>"; };
		0B771AD2257CB5F1008ADD69 /* CommentStackView.swift */ = {isa = PBXFileReference; lastKnownFileType = sourcecode.swift; path = CommentStackView.swift; sourceTree = "<group>"; };
		0B788800257B933F007DF3D9 /* CommentView.xib */ = {isa = PBXFileReference; lastKnownFileType = file.xib; path = CommentView.xib; sourceTree = "<group>"; };
		0B7B983F257E1193005D504C /* OneSignalNotificationServiceExtension.appex */ = {isa = PBXFileReference; explicitFileType = "wrapper.app-extension"; includeInIndex = 0; path = OneSignalNotificationServiceExtension.appex; sourceTree = BUILT_PRODUCTS_DIR; };
		0B7B9841257E1193005D504C /* NotificationService.swift */ = {isa = PBXFileReference; lastKnownFileType = sourcecode.swift; path = NotificationService.swift; sourceTree = "<group>"; };
		0B7B9843257E1193005D504C /* Info.plist */ = {isa = PBXFileReference; lastKnownFileType = text.plist.xml; path = Info.plist; sourceTree = "<group>"; };
		0B83501D2576460700C4C1FA /* Roboto-Medium.ttf */ = {isa = PBXFileReference; lastKnownFileType = file; path = "Roboto-Medium.ttf"; sourceTree = "<group>"; };
		0B83501E2576460700C4C1FA /* Roboto-Light.ttf */ = {isa = PBXFileReference; lastKnownFileType = file; path = "Roboto-Light.ttf"; sourceTree = "<group>"; };
		0B83501F2576460700C4C1FA /* Roboto-Regular.ttf */ = {isa = PBXFileReference; lastKnownFileType = file; path = "Roboto-Regular.ttf"; sourceTree = "<group>"; };
		0B8350202576460700C4C1FA /* Roboto-MediumItalic.ttf */ = {isa = PBXFileReference; lastKnownFileType = file; path = "Roboto-MediumItalic.ttf"; sourceTree = "<group>"; };
		0B8350222576460700C4C1FA /* Roboto-ThinItalic.ttf */ = {isa = PBXFileReference; lastKnownFileType = file; path = "Roboto-ThinItalic.ttf"; sourceTree = "<group>"; };
		0B8350232576460700C4C1FA /* Roboto-BoldItalic.ttf */ = {isa = PBXFileReference; lastKnownFileType = file; path = "Roboto-BoldItalic.ttf"; sourceTree = "<group>"; };
		0B8350242576460700C4C1FA /* Roboto-LightItalic.ttf */ = {isa = PBXFileReference; lastKnownFileType = file; path = "Roboto-LightItalic.ttf"; sourceTree = "<group>"; };
		0B8350252576460700C4C1FA /* Roboto-Italic.ttf */ = {isa = PBXFileReference; lastKnownFileType = file; path = "Roboto-Italic.ttf"; sourceTree = "<group>"; };
		0B8350262576460700C4C1FA /* Roboto-BlackItalic.ttf */ = {isa = PBXFileReference; lastKnownFileType = file; path = "Roboto-BlackItalic.ttf"; sourceTree = "<group>"; };
		0B8350272576460700C4C1FA /* Roboto-Bold.ttf */ = {isa = PBXFileReference; lastKnownFileType = file; path = "Roboto-Bold.ttf"; sourceTree = "<group>"; };
		0B8350282576460700C4C1FA /* Roboto-Thin.ttf */ = {isa = PBXFileReference; lastKnownFileType = file; path = "Roboto-Thin.ttf"; sourceTree = "<group>"; };
		0B8350292576460700C4C1FA /* Roboto-Black.ttf */ = {isa = PBXFileReference; lastKnownFileType = file; path = "Roboto-Black.ttf"; sourceTree = "<group>"; };
		0B83503A2576770A00C4C1FA /* ProductNetworkManager.swift */ = {isa = PBXFileReference; lastKnownFileType = sourcecode.swift; path = ProductNetworkManager.swift; sourceTree = "<group>"; };
		0B83503D25767BA600C4C1FA /* ProductModel.swift */ = {isa = PBXFileReference; lastKnownFileType = sourcecode.swift; path = ProductModel.swift; sourceTree = "<group>"; };
		0B9187A4257A253D00467C8B /* SliderImageViewController.swift */ = {isa = PBXFileReference; lastKnownFileType = sourcecode.swift; path = SliderImageViewController.swift; sourceTree = "<group>"; };
		0B9187A8257A255400467C8B /* ProductViewController.swift */ = {isa = PBXFileReference; lastKnownFileType = sourcecode.swift; path = ProductViewController.swift; sourceTree = "<group>"; };
		0BA94BC42574B11400A94DB1 /* AdSupport.framework */ = {isa = PBXFileReference; lastKnownFileType = wrapper.framework; name = AdSupport.framework; path = System/Library/Frameworks/AdSupport.framework; sourceTree = SDKROOT; };
		0BA94BC52574B11400A94DB1 /* iAd.framework */ = {isa = PBXFileReference; lastKnownFileType = wrapper.framework; name = iAd.framework; path = System/Library/Frameworks/iAd.framework; sourceTree = SDKROOT; };
		0BA94BEB2574BE5800A94DB1 /* SettingsAnalist.swift */ = {isa = PBXFileReference; fileEncoding = 4; lastKnownFileType = sourcecode.swift; path = SettingsAnalist.swift; sourceTree = "<group>"; };
		0BA94C052574C95500A94DB1 /* AnalyticsManager.swift */ = {isa = PBXFileReference; fileEncoding = 4; lastKnownFileType = sourcecode.swift; path = AnalyticsManager.swift; sourceTree = "<group>"; };
		0BBA99CE2583AF62002E7A7F /* WBPromo.entitlements */ = {isa = PBXFileReference; lastKnownFileType = text.plist.entitlements; path = WBPromo.entitlements; sourceTree = "<group>"; };
		0BC9BF2A2570BFF200445DFC /* SaleMarket.app */ = {isa = PBXFileReference; explicitFileType = wrapper.application; includeInIndex = 0; path = SaleMarket.app; sourceTree = BUILT_PRODUCTS_DIR; };
		0BC9BF2D2570BFF200445DFC /* AppDelegate.swift */ = {isa = PBXFileReference; lastKnownFileType = sourcecode.swift; path = AppDelegate.swift; sourceTree = "<group>"; };
		0BC9BF2F2570BFF200445DFC /* SceneDelegate.swift */ = {isa = PBXFileReference; lastKnownFileType = sourcecode.swift; path = SceneDelegate.swift; sourceTree = "<group>"; };
		0BC9BF312570BFF200445DFC /* ProductListViewController.swift */ = {isa = PBXFileReference; lastKnownFileType = sourcecode.swift; path = ProductListViewController.swift; sourceTree = "<group>"; };
		0BC9BF342570BFF200445DFC /* Base */ = {isa = PBXFileReference; lastKnownFileType = file.storyboard; name = Base; path = Base.lproj/Main.storyboard; sourceTree = "<group>"; };
		0BC9BF362570BFF500445DFC /* Assets.xcassets */ = {isa = PBXFileReference; lastKnownFileType = folder.assetcatalog; path = Assets.xcassets; sourceTree = "<group>"; };
		0BC9BF392570BFF500445DFC /* Base */ = {isa = PBXFileReference; lastKnownFileType = file.storyboard; name = Base; path = Base.lproj/LaunchScreen.storyboard; sourceTree = "<group>"; };
		0BC9BF3B2570BFF500445DFC /* Info.plist */ = {isa = PBXFileReference; lastKnownFileType = text.plist.xml; path = Info.plist; sourceTree = "<group>"; };
		0BC9BF512570C6B200445DFC /* NetworkManager.swift */ = {isa = PBXFileReference; fileEncoding = 4; lastKnownFileType = sourcecode.swift; path = NetworkManager.swift; sourceTree = "<group>"; };
		0BC9BF562570CE6F00445DFC /* ProductListModel.swift */ = {isa = PBXFileReference; lastKnownFileType = sourcecode.swift; path = ProductListModel.swift; sourceTree = "<group>"; };
		0BC9BF592570DAF700445DFC /* ProductListCell.swift */ = {isa = PBXFileReference; lastKnownFileType = sourcecode.swift; path = ProductListCell.swift; sourceTree = "<group>"; };
		0BC9BF662570EC9100445DFC /* ProductListNetworkManager.swift */ = {isa = PBXFileReference; fileEncoding = 4; lastKnownFileType = sourcecode.swift; path = ProductListNetworkManager.swift; sourceTree = "<group>"; };
		0BF0B3DC257E56F3000B0CAB /* ImageLoader.swift */ = {isa = PBXFileReference; lastKnownFileType = sourcecode.swift; path = ImageLoader.swift; sourceTree = "<group>"; };
		0BF0B3EE257E8A48000B0CAB /* AppsFlyerLib.framework */ = {isa = PBXFileReference; lastKnownFileType = wrapper.framework; path = AppsFlyerLib.framework; sourceTree = "<group>"; };
		CE3449B02588B166002E0101 /* TabBarViewController.swift */ = {isa = PBXFileReference; lastKnownFileType = sourcecode.swift; path = TabBarViewController.swift; sourceTree = "<group>"; };
		CE3449B42588B9FC002E0101 /* FavoritesNavigationBar.xib */ = {isa = PBXFileReference; lastKnownFileType = file.xib; path = FavoritesNavigationBar.xib; sourceTree = "<group>"; };
		CE3449B82588BB69002E0101 /* FavoritesNavigationBar.swift */ = {isa = PBXFileReference; lastKnownFileType = sourcecode.swift; path = FavoritesNavigationBar.swift; sourceTree = "<group>"; };
		CE3D12B92587842100921FD9 /* CoreDataManager.swift */ = {isa = PBXFileReference; fileEncoding = 4; lastKnownFileType = sourcecode.swift; path = CoreDataManager.swift; sourceTree = "<group>"; };
		CE3D12BA2587842100921FD9 /* CoreDataStack.swift */ = {isa = PBXFileReference; fileEncoding = 4; lastKnownFileType = sourcecode.swift; path = CoreDataStack.swift; sourceTree = "<group>"; };
		CE3D12C82587849A00921FD9 /* Products.xcdatamodel */ = {isa = PBXFileReference; lastKnownFileType = wrapper.xcdatamodel; path = Products.xcdatamodel; sourceTree = "<group>"; };
		CE4EC31E2590568D00DBCE85 /* SearchNavigationBar.xib */ = {isa = PBXFileReference; lastKnownFileType = file.xib; path = SearchNavigationBar.xib; sourceTree = "<group>"; };
		CE4EC3222590569F00DBCE85 /* SearchNavigationBar.swift */ = {isa = PBXFileReference; lastKnownFileType = sourcecode.swift; path = SearchNavigationBar.swift; sourceTree = "<group>"; };
		CE4EC3262590705000DBCE85 /* UIView+.swift */ = {isa = PBXFileReference; lastKnownFileType = sourcecode.swift; path = "UIView+.swift"; sourceTree = "<group>"; };
		CE68AAA5258871B900C0EBA6 /* FavoritesManager.swift */ = {isa = PBXFileReference; lastKnownFileType = sourcecode.swift; path = FavoritesManager.swift; sourceTree = "<group>"; };
		CE88A201258A0D7B00092010 /* UIImage+.swift */ = {isa = PBXFileReference; lastKnownFileType = sourcecode.swift; path = "UIImage+.swift"; sourceTree = "<group>"; };
		CE88A205258A1C5E00092010 /* ActivityIndicator.swift */ = {isa = PBXFileReference; lastKnownFileType = sourcecode.swift; path = ActivityIndicator.swift; sourceTree = "<group>"; };
		CE8FADD3258B0F8100D00CC5 /* UIViewController+.swift */ = {isa = PBXFileReference; lastKnownFileType = sourcecode.swift; path = "UIViewController+.swift"; sourceTree = "<group>"; };
		CE9032BB258C6CC800107810 /* ProductListViewController+UISearchBar.swift */ = {isa = PBXFileReference; lastKnownFileType = sourcecode.swift; path = "ProductListViewController+UISearchBar.swift"; sourceTree = "<group>"; };
		CE9032BF258C6CF300107810 /* ProductListViewController+UITableView.swift */ = {isa = PBXFileReference; lastKnownFileType = sourcecode.swift; path = "ProductListViewController+UITableView.swift"; sourceTree = "<group>"; };
		CE9032C6258C71E500107810 /* NewsCollectionView.xib */ = {isa = PBXFileReference; lastKnownFileType = file.xib; path = NewsCollectionView.xib; sourceTree = "<group>"; };
		CE9032CA258C71FD00107810 /* NewsCollectionView.swift */ = {isa = PBXFileReference; lastKnownFileType = sourcecode.swift; path = NewsCollectionView.swift; sourceTree = "<group>"; };
		CEA14BC52591A4E8009D2F79 /* ResultNavigationBar.xib */ = {isa = PBXFileReference; lastKnownFileType = file.xib; path = ResultNavigationBar.xib; sourceTree = "<group>"; };
		CEA14BC92591A4F9009D2F79 /* ResultNavigationBar.swift */ = {isa = PBXFileReference; lastKnownFileType = sourcecode.swift; path = ResultNavigationBar.swift; sourceTree = "<group>"; };
		CEB38C0B2591D9DF00242C08 /* CustomNavigationBarDelegate.swift */ = {isa = PBXFileReference; lastKnownFileType = sourcecode.swift; path = CustomNavigationBarDelegate.swift; sourceTree = "<group>"; };
		CEBE7285258C94B700798DA4 /* NewCollectionViewCell.swift */ = {isa = PBXFileReference; lastKnownFileType = sourcecode.swift; path = NewCollectionViewCell.swift; sourceTree = "<group>"; };
		CEBE7286258C94B700798DA4 /* NewCollectionViewCell.xib */ = {isa = PBXFileReference; lastKnownFileType = file.xib; path = NewCollectionViewCell.xib; sourceTree = "<group>"; };
		CEBE72A4258CB35200798DA4 /* NotFoundView.swift */ = {isa = PBXFileReference; lastKnownFileType = sourcecode.swift; path = NotFoundView.swift; sourceTree = "<group>"; };
		CEBE72A8258CB36300798DA4 /* NotFoundView.xib */ = {isa = PBXFileReference; lastKnownFileType = file.xib; path = NotFoundView.xib; sourceTree = "<group>"; };
/* End PBXFileReference section */

/* Begin PBXFrameworksBuildPhase section */
		0B7B983C257E1193005D504C /* Frameworks */ = {
			isa = PBXFrameworksBuildPhase;
			buildActionMask = 2147483647;
			files = (
				0B7B9852257E11C4005D504C /* OneSignal in Frameworks */,
			);
			runOnlyForDeploymentPostprocessing = 0;
		};
		0BC9BF272570BFF200445DFC /* Frameworks */ = {
			isa = PBXFrameworksBuildPhase;
			buildActionMask = 2147483647;
			files = (
				CE4887C92587175B0023D5B8 /* NVActivityIndicatorView in Frameworks */,
				0BA94BD62574B49400A94DB1 /* OneSignal in Frameworks */,
				0BF0B3EF257E8A48000B0CAB /* AppsFlyerLib.framework in Frameworks */,
				0BA94BC72574B11400A94DB1 /* iAd.framework in Frameworks */,
			);
			runOnlyForDeploymentPostprocessing = 0;
		};
/* End PBXFrameworksBuildPhase section */

/* Begin PBXGroup section */
		0B2C03F82577EB600037083B /* Helpers */ = {
			isa = PBXGroup;
			children = (
				0B7080632594798C007A2A69 /* RadioButtonController */,
				0BF0B3DC257E56F3000B0CAB /* ImageLoader.swift */,
				CE88A205258A1C5E00092010 /* ActivityIndicator.swift */,
				0B708053259473FD007A2A69 /* CheckBox.swift */,
			);
			path = Helpers;
			sourceTree = "<group>";
		};
		0B451D2E2573632D00BAA54B /* Product */ = {
			isa = PBXGroup;
			children = (
				CE9032C3258C6D3500107810 /* Extension */,
				0B451D32257363C100BAA54B /* Model */,
				0B451D31257363B800BAA54B /* View */,
				0B451D2F2573633A00BAA54B /* Controller */,
				0B8350392576770A00C4C1FA /* ProductNetworkManager */,
			);
			path = Product;
			sourceTree = "<group>";
		};
		0B451D2F2573633A00BAA54B /* Controller */ = {
			isa = PBXGroup;
			children = (
				0B9187A3257A250A00467C8B /* SliderImageView */,
				0B9187A8257A255400467C8B /* ProductViewController.swift */,
				0B53D303257A3F7D00649CD2 /* ProductTableViewController.swift */,
			);
			path = Controller;
			sourceTree = "<group>";
		};
		0B451D31257363B800BAA54B /* View */ = {
			isa = PBXGroup;
			children = (
				0B771ACD257CAC2F008ADD69 /* Comments */,
				0B2FEBF325777C35001EDC8E /* ImageCollectionCell.swift */,
				0B2C03FE2577EFFA0037083B /* RatingStackView.swift */,
			);
			path = View;
			sourceTree = "<group>";
		};
		0B451D32257363C100BAA54B /* Model */ = {
			isa = PBXGroup;
			children = (
				0B83503D25767BA600C4C1FA /* ProductModel.swift */,
			);
			path = Model;
			sourceTree = "<group>";
		};
		0B70803F25945B4F007A2A69 /* Web view */ = {
			isa = PBXGroup;
			children = (
				0B70804225945B76007A2A69 /* Model */,
				0B70804125945B6E007A2A69 /* View */,
				0B70804025945B64007A2A69 /* Controller */,
			);
			path = "Web view";
			sourceTree = "<group>";
		};
		0B70804025945B64007A2A69 /* Controller */ = {
			isa = PBXGroup;
			children = (
				0B70803925944EEC007A2A69 /* WebViewController.swift */,
			);
			path = Controller;
			sourceTree = "<group>";
		};
		0B70804125945B6E007A2A69 /* View */ = {
			isa = PBXGroup;
			children = (
				0B70804325945B99007A2A69 /* WebViewStoryboard.storyboard */,
			);
			path = View;
			sourceTree = "<group>";
		};
		0B70804225945B76007A2A69 /* Model */ = {
			isa = PBXGroup;
			children = (
			);
			path = Model;
			sourceTree = "<group>";
		};
		0B70804725945DC1007A2A69 /* Test view */ = {
			isa = PBXGroup;
			children = (
				0B70804A25945DD9007A2A69 /* Model */,
				0B70804925945DD3007A2A69 /* View */,
				0B70804825945DCA007A2A69 /* Controller */,
			);
			path = "Test view";
			sourceTree = "<group>";
		};
		0B70804825945DCA007A2A69 /* Controller */ = {
			isa = PBXGroup;
			children = (
				0B70804F25945DFF007A2A69 /* TestViewController.swift */,
			);
			path = Controller;
			sourceTree = "<group>";
		};
		0B70804925945DD3007A2A69 /* View */ = {
			isa = PBXGroup;
			children = (
				0B70804B25945DEE007A2A69 /* TestStoryboard.storyboard */,
			);
			path = View;
			sourceTree = "<group>";
		};
		0B70804A25945DD9007A2A69 /* Model */ = {
			isa = PBXGroup;
			children = (
			);
			path = Model;
			sourceTree = "<group>";
		};
		0B7080632594798C007A2A69 /* RadioButtonController */ = {
			isa = PBXGroup;
			children = (
				0B7080642594798C007A2A69 /* RadioButtonsController.swift */,
				0B7080652594798C007A2A69 /* RadioButton.swift */,
			);
			path = RadioButtonController;
			sourceTree = "<group>";
		};
		0B771ACD257CAC2F008ADD69 /* Comments */ = {
			isa = PBXGroup;
			children = (
				0B788800257B933F007DF3D9 /* CommentView.xib */,
				0B771ACF257CAC8D008ADD69 /* CommentView.swift */,
				0B771AD2257CB5F1008ADD69 /* CommentStackView.swift */,
			);
			path = Comments;
			sourceTree = "<group>";
		};
		0B7B9840257E1193005D504C /* OneSignalNotificationServiceExtension */ = {
			isa = PBXGroup;
			children = (
				0B7B9841257E1193005D504C /* NotificationService.swift */,
				0B7B9843257E1193005D504C /* Info.plist */,
			);
			path = OneSignalNotificationServiceExtension;
			sourceTree = "<group>";
		};
		0B83501B257645F600C4C1FA /* Fonts */ = {
			isa = PBXGroup;
			children = (
				0B83501C2576460700C4C1FA /* roboto */,
			);
			path = Fonts;
			sourceTree = "<group>";
		};
		0B83501C2576460700C4C1FA /* roboto */ = {
			isa = PBXGroup;
			children = (
				0B83501D2576460700C4C1FA /* Roboto-Medium.ttf */,
				0B83501E2576460700C4C1FA /* Roboto-Light.ttf */,
				0B83501F2576460700C4C1FA /* Roboto-Regular.ttf */,
				0B8350202576460700C4C1FA /* Roboto-MediumItalic.ttf */,
				0B8350222576460700C4C1FA /* Roboto-ThinItalic.ttf */,
				0B8350232576460700C4C1FA /* Roboto-BoldItalic.ttf */,
				0B8350242576460700C4C1FA /* Roboto-LightItalic.ttf */,
				0B8350252576460700C4C1FA /* Roboto-Italic.ttf */,
				0B8350262576460700C4C1FA /* Roboto-BlackItalic.ttf */,
				0B8350272576460700C4C1FA /* Roboto-Bold.ttf */,
				0B8350282576460700C4C1FA /* Roboto-Thin.ttf */,
				0B8350292576460700C4C1FA /* Roboto-Black.ttf */,
			);
			path = roboto;
			sourceTree = "<group>";
		};
		0B8350392576770A00C4C1FA /* ProductNetworkManager */ = {
			isa = PBXGroup;
			children = (
				0B83503A2576770A00C4C1FA /* ProductNetworkManager.swift */,
			);
			path = ProductNetworkManager;
			sourceTree = "<group>";
		};
		0B9187A3257A250A00467C8B /* SliderImageView */ = {
			isa = PBXGroup;
			children = (
				0B9187A4257A253D00467C8B /* SliderImageViewController.swift */,
			);
			path = SliderImageView;
			sourceTree = "<group>";
		};
		0BA94BC32574B11300A94DB1 /* Frameworks */ = {
			isa = PBXGroup;
			children = (
				0BF0B3EE257E8A48000B0CAB /* AppsFlyerLib.framework */,
				0BA94BC42574B11400A94DB1 /* AdSupport.framework */,
				0BA94BC52574B11400A94DB1 /* iAd.framework */,
			);
			name = Frameworks;
			sourceTree = "<group>";
		};
		0BA94BCB2574B15700A94DB1 /* AD */ = {
			isa = PBXGroup;
			children = (
				0BA94C052574C95500A94DB1 /* AnalyticsManager.swift */,
			);
			path = AD;
			sourceTree = "<group>";
		};
		0BC9BF212570BFF200445DFC = {
			isa = PBXGroup;
			children = (
				0BBA99CE2583AF62002E7A7F /* WBPromo.entitlements */,
				0BC9BF2C2570BFF200445DFC /* SaleMarket */,
				0B7B9840257E1193005D504C /* OneSignalNotificationServiceExtension */,
				0BC9BF2B2570BFF200445DFC /* Products */,
				0BA94BC32574B11300A94DB1 /* Frameworks */,
			);
			sourceTree = "<group>";
			usesTabs = 0;
		};
		0BC9BF2B2570BFF200445DFC /* Products */ = {
			isa = PBXGroup;
			children = (
				0BC9BF2A2570BFF200445DFC /* SaleMarket.app */,
				0B7B983F257E1193005D504C /* OneSignalNotificationServiceExtension.appex */,
			);
			name = Products;
			sourceTree = "<group>";
		};
		0BC9BF2C2570BFF200445DFC /* SaleMarket */ = {
			isa = PBXGroup;
			children = (
				CE88A200258A0D5400092010 /* Extensions */,
				0B2C03F82577EB600037083B /* Helpers */,
				0BC9BF422570C00E00445DFC /* Application */,
				0BC9BF482570C50100445DFC /* Products and Favorites */,
				0BC9BF462570C29500445DFC /* Supporting Files */,
			);
			path = SaleMarket;
			sourceTree = "<group>";
		};
		0BC9BF422570C00E00445DFC /* Application */ = {
			isa = PBXGroup;
			children = (
				CE3D12B82587842100921FD9 /* CoreData */,
				0BA94BCB2574B15700A94DB1 /* AD */,
				0BC9BF452570C02500445DFC /* Model */,
				0BC9BF442570C02000445DFC /* View */,
				0BC9BF432570C01900445DFC /* Controller */,
				0BC9BF502570C6B200445DFC /* NetworkManager */,
			);
			path = Application;
			sourceTree = "<group>";
		};
		0BC9BF432570C01900445DFC /* Controller */ = {
			isa = PBXGroup;
			children = (
				0BC9BF2D2570BFF200445DFC /* AppDelegate.swift */,
				0BC9BF2F2570BFF200445DFC /* SceneDelegate.swift */,
				CE3449B02588B166002E0101 /* TabBarViewController.swift */,
			);
			path = Controller;
			sourceTree = "<group>";
		};
		0BC9BF442570C02000445DFC /* View */ = {
			isa = PBXGroup;
			children = (
				0BC9BF332570BFF200445DFC /* Main.storyboard */,
				0BC9BF382570BFF500445DFC /* LaunchScreen.storyboard */,
			);
			path = View;
			sourceTree = "<group>";
		};
		0BC9BF452570C02500445DFC /* Model */ = {
			isa = PBXGroup;
			children = (
				0BA94BEB2574BE5800A94DB1 /* SettingsAnalist.swift */,
				CE68AAA5258871B900C0EBA6 /* FavoritesManager.swift */,
			);
			path = Model;
			sourceTree = "<group>";
		};
		0BC9BF462570C29500445DFC /* Supporting Files */ = {
			isa = PBXGroup;
			children = (
				0B83501B257645F600C4C1FA /* Fonts */,
				0BC9BF362570BFF500445DFC /* Assets.xcassets */,
				0BC9BF3B2570BFF500445DFC /* Info.plist */,
			);
			path = "Supporting Files";
			sourceTree = "<group>";
		};
		0BC9BF482570C50100445DFC /* Products and Favorites */ = {
			isa = PBXGroup;
			children = (
				0B70804725945DC1007A2A69 /* Test view */,
				0B70803F25945B4F007A2A69 /* Web view */,
				0BC9BF492570C50C00445DFC /* Probuct List */,
				0B451D2E2573632D00BAA54B /* Product */,
			);
			path = "Products and Favorites";
			sourceTree = "<group>";
		};
		0BC9BF492570C50C00445DFC /* Probuct List */ = {
			isa = PBXGroup;
			children = (
				CEB38C0A2591D9B900242C08 /* Protocol */,
				CE9032BA258C6C9C00107810 /* Extension */,
				0BC9BF4C2570C52900445DFC /* Model */,
				0BC9BF4B2570C52100445DFC /* View */,
				0BC9BF4A2570C51A00445DFC /* Controller */,
				0BC9BF652570EC9100445DFC /* PromoListNetworkManager */,
			);
			path = "Probuct List";
			sourceTree = "<group>";
		};
		0BC9BF4A2570C51A00445DFC /* Controller */ = {
			isa = PBXGroup;
			children = (
				0BC9BF312570BFF200445DFC /* ProductListViewController.swift */,
			);
			path = Controller;
			sourceTree = "<group>";
		};
		0BC9BF4B2570C52100445DFC /* View */ = {
			isa = PBXGroup;
			children = (
				CEB38C062591BBFA00242C08 /* NotFoundView */,
				CEA14BC42591A4CD009D2F79 /* ResultNavigationBar */,
				CE4EC31B2590560C00DBCE85 /* SearchNavigationBar */,
				CE3449BC2588BB73002E0101 /* FavoritesNavigationBar */,
				CE9032CE258C720100107810 /* NewsView */,
				CEB38C072591BC1900242C08 /* ProductListCell */,
			);
			path = View;
			sourceTree = "<group>";
		};
		0BC9BF4C2570C52900445DFC /* Model */ = {
			isa = PBXGroup;
			children = (
				0BC9BF562570CE6F00445DFC /* ProductListModel.swift */,
				0B7080352594481E007A2A69 /* NewsModel.swift */,
			);
			path = Model;
			sourceTree = "<group>";
		};
		0BC9BF502570C6B200445DFC /* NetworkManager */ = {
			isa = PBXGroup;
			children = (
				0BC9BF512570C6B200445DFC /* NetworkManager.swift */,
			);
			path = NetworkManager;
			sourceTree = "<group>";
		};
		0BC9BF652570EC9100445DFC /* PromoListNetworkManager */ = {
			isa = PBXGroup;
			children = (
				0BC9BF662570EC9100445DFC /* ProductListNetworkManager.swift */,
			);
			path = PromoListNetworkManager;
			sourceTree = "<group>";
		};
		CE3449BC2588BB73002E0101 /* FavoritesNavigationBar */ = {
			isa = PBXGroup;
			children = (
				CE3449B42588B9FC002E0101 /* FavoritesNavigationBar.xib */,
				CE3449B82588BB69002E0101 /* FavoritesNavigationBar.swift */,
			);
			path = FavoritesNavigationBar;
			sourceTree = "<group>";
		};
		CE3D12B82587842100921FD9 /* CoreData */ = {
			isa = PBXGroup;
			children = (
				CE3D12B92587842100921FD9 /* CoreDataManager.swift */,
				CE3D12BA2587842100921FD9 /* CoreDataStack.swift */,
				CE3D12C72587849A00921FD9 /* Products.xcdatamodeld */,
			);
			path = CoreData;
			sourceTree = "<group>";
		};
		CE4EC31B2590560C00DBCE85 /* SearchNavigationBar */ = {
			isa = PBXGroup;
			children = (
				CE4EC31E2590568D00DBCE85 /* SearchNavigationBar.xib */,
				CE4EC3222590569F00DBCE85 /* SearchNavigationBar.swift */,
			);
			path = SearchNavigationBar;
			sourceTree = "<group>";
		};
		CE88A200258A0D5400092010 /* Extensions */ = {
			isa = PBXGroup;
			children = (
				CE88A201258A0D7B00092010 /* UIImage+.swift */,
				CE8FADD3258B0F8100D00CC5 /* UIViewController+.swift */,
				CE4EC3262590705000DBCE85 /* UIView+.swift */,
			);
			path = Extensions;
			sourceTree = "<group>";
		};
		CE9032BA258C6C9C00107810 /* Extension */ = {
			isa = PBXGroup;
			children = (
				CE9032BB258C6CC800107810 /* ProductListViewController+UISearchBar.swift */,
				CE9032BF258C6CF300107810 /* ProductListViewController+UITableView.swift */,
			);
			path = Extension;
			sourceTree = "<group>";
		};
		CE9032C3258C6D3500107810 /* Extension */ = {
			isa = PBXGroup;
			children = (
			);
			path = Extension;
			sourceTree = "<group>";
		};
		CE9032CE258C720100107810 /* NewsView */ = {
			isa = PBXGroup;
			children = (
				CEBE727A258C8DD300798DA4 /* Cell */,
				CE9032C6258C71E500107810 /* NewsCollectionView.xib */,
				CE9032CA258C71FD00107810 /* NewsCollectionView.swift */,
			);
			path = NewsView;
			sourceTree = "<group>";
		};
		CEA14BC42591A4CD009D2F79 /* ResultNavigationBar */ = {
			isa = PBXGroup;
			children = (
				CEA14BC52591A4E8009D2F79 /* ResultNavigationBar.xib */,
				CEA14BC92591A4F9009D2F79 /* ResultNavigationBar.swift */,
			);
			path = ResultNavigationBar;
			sourceTree = "<group>";
		};
		CEB38C062591BBFA00242C08 /* NotFoundView */ = {
			isa = PBXGroup;
			children = (
				CEBE72A4258CB35200798DA4 /* NotFoundView.swift */,
				CEBE72A8258CB36300798DA4 /* NotFoundView.xib */,
			);
			path = NotFoundView;
			sourceTree = "<group>";
		};
		CEB38C072591BC1900242C08 /* ProductListCell */ = {
			isa = PBXGroup;
			children = (
				0BC9BF592570DAF700445DFC /* ProductListCell.swift */,
			);
			path = ProductListCell;
			sourceTree = "<group>";
		};
		CEB38C0A2591D9B900242C08 /* Protocol */ = {
			isa = PBXGroup;
			children = (
				CEB38C0B2591D9DF00242C08 /* CustomNavigationBarDelegate.swift */,
			);
			path = Protocol;
			sourceTree = "<group>";
		};
		CEBE727A258C8DD300798DA4 /* Cell */ = {
			isa = PBXGroup;
			children = (
				CEBE7285258C94B700798DA4 /* NewCollectionViewCell.swift */,
				CEBE7286258C94B700798DA4 /* NewCollectionViewCell.xib */,
			);
			path = Cell;
			sourceTree = "<group>";
		};
/* End PBXGroup section */

/* Begin PBXNativeTarget section */
		0B7B983E257E1193005D504C /* OneSignalNotificationServiceExtension */ = {
			isa = PBXNativeTarget;
			buildConfigurationList = 0B7B9847257E1193005D504C /* Build configuration list for PBXNativeTarget "OneSignalNotificationServiceExtension" */;
			buildPhases = (
				0B7B983B257E1193005D504C /* Sources */,
				0B7B983C257E1193005D504C /* Frameworks */,
				0B7B983D257E1193005D504C /* Resources */,
			);
			buildRules = (
			);
			dependencies = (
			);
			name = OneSignalNotificationServiceExtension;
			packageProductDependencies = (
				0B7B9851257E11C4005D504C /* OneSignal */,
			);
			productName = OneSignalNotificationServiceExtension;
			productReference = 0B7B983F257E1193005D504C /* OneSignalNotificationServiceExtension.appex */;
			productType = "com.apple.product-type.app-extension";
		};
		0BC9BF292570BFF200445DFC /* SaleMarket */ = {
			isa = PBXNativeTarget;
			buildConfigurationList = 0BC9BF3E2570BFF500445DFC /* Build configuration list for PBXNativeTarget "SaleMarket" */;
			buildPhases = (
				0BC9BF262570BFF200445DFC /* Sources */,
				0BC9BF272570BFF200445DFC /* Frameworks */,
				0BC9BF282570BFF200445DFC /* Resources */,
				0B7B984A257E1193005D504C /* Embed App Extensions */,
			);
			buildRules = (
			);
			dependencies = (
				0B7B9845257E1193005D504C /* PBXTargetDependency */,
			);
			name = SaleMarket;
			packageProductDependencies = (
				0BA94BD52574B49400A94DB1 /* OneSignal */,
				CE4887C82587175B0023D5B8 /* NVActivityIndicatorView */,
			);
			productName = WBPromo;
			productReference = 0BC9BF2A2570BFF200445DFC /* SaleMarket.app */;
			productType = "com.apple.product-type.application";
		};
/* End PBXNativeTarget section */

/* Begin PBXProject section */
		0BC9BF222570BFF200445DFC /* Project object */ = {
			isa = PBXProject;
			attributes = {
				LastSwiftUpdateCheck = 1220;
				LastUpgradeCheck = 1220;
				TargetAttributes = {
					0B7B983E257E1193005D504C = {
						CreatedOnToolsVersion = 12.2;
					};
					0BC9BF292570BFF200445DFC = {
						CreatedOnToolsVersion = 12.2;
					};
				};
			};
			buildConfigurationList = 0BC9BF252570BFF200445DFC /* Build configuration list for PBXProject "SaleMarket" */;
			compatibilityVersion = "Xcode 9.3";
			developmentRegion = en;
			hasScannedForEncodings = 0;
			knownRegions = (
				en,
				Base,
			);
			mainGroup = 0BC9BF212570BFF200445DFC;
			packageReferences = (
				0BA94BD42574B49400A94DB1 /* XCRemoteSwiftPackageReference "OneSignal-iOS-SDK" */,
				CE4887C72587175B0023D5B8 /* XCRemoteSwiftPackageReference "NVActivityIndicatorView" */,
			);
			productRefGroup = 0BC9BF2B2570BFF200445DFC /* Products */;
			projectDirPath = "";
			projectRoot = "";
			targets = (
				0BC9BF292570BFF200445DFC /* SaleMarket */,
				0B7B983E257E1193005D504C /* OneSignalNotificationServiceExtension */,
			);
		};
/* End PBXProject section */

/* Begin PBXResourcesBuildPhase section */
		0B7B983D257E1193005D504C /* Resources */ = {
			isa = PBXResourcesBuildPhase;
			buildActionMask = 2147483647;
			files = (
			);
			runOnlyForDeploymentPostprocessing = 0;
		};
		0BC9BF282570BFF200445DFC /* Resources */ = {
			isa = PBXResourcesBuildPhase;
			buildActionMask = 2147483647;
			files = (
				CE3449B52588B9FC002E0101 /* FavoritesNavigationBar.xib in Resources */,
				0B8350342576460700C4C1FA /* Roboto-Bold.ttf in Resources */,
				0B70804425945B99007A2A69 /* WebViewStoryboard.storyboard in Resources */,
				0B8350312576460700C4C1FA /* Roboto-LightItalic.ttf in Resources */,
				0B83502C2576460700C4C1FA /* Roboto-Regular.ttf in Resources */,
				0B8350302576460700C4C1FA /* Roboto-BoldItalic.ttf in Resources */,
				0B8350322576460700C4C1FA /* Roboto-Italic.ttf in Resources */,
				0B788801257B933F007DF3D9 /* CommentView.xib in Resources */,
				CEBE7288258C94B700798DA4 /* NewCollectionViewCell.xib in Resources */,
				0B70804C25945DEE007A2A69 /* TestStoryboard.storyboard in Resources */,
				CE9032C7258C71E500107810 /* NewsCollectionView.xib in Resources */,
				0B8350352576460700C4C1FA /* Roboto-Thin.ttf in Resources */,
				CE4EC31F2590568D00DBCE85 /* SearchNavigationBar.xib in Resources */,
				0B83502B2576460700C4C1FA /* Roboto-Light.ttf in Resources */,
				0B83502D2576460700C4C1FA /* Roboto-MediumItalic.ttf in Resources */,
				0B8350362576460700C4C1FA /* Roboto-Black.ttf in Resources */,
				CEBE72A9258CB36300798DA4 /* NotFoundView.xib in Resources */,
				0BC9BF3A2570BFF500445DFC /* LaunchScreen.storyboard in Resources */,
				0BC9BF372570BFF500445DFC /* Assets.xcassets in Resources */,
				0B8350332576460700C4C1FA /* Roboto-BlackItalic.ttf in Resources */,
				0B83502F2576460700C4C1FA /* Roboto-ThinItalic.ttf in Resources */,
				CEA14BC62591A4E8009D2F79 /* ResultNavigationBar.xib in Resources */,
				0BC9BF352570BFF200445DFC /* Main.storyboard in Resources */,
				0B83502A2576460700C4C1FA /* Roboto-Medium.ttf in Resources */,
			);
			runOnlyForDeploymentPostprocessing = 0;
		};
/* End PBXResourcesBuildPhase section */

/* Begin PBXSourcesBuildPhase section */
		0B7B983B257E1193005D504C /* Sources */ = {
			isa = PBXSourcesBuildPhase;
			buildActionMask = 2147483647;
			files = (
				0B7B9842257E1193005D504C /* NotificationService.swift in Sources */,
			);
			runOnlyForDeploymentPostprocessing = 0;
		};
		0BC9BF262570BFF200445DFC /* Sources */ = {
			isa = PBXSourcesBuildPhase;
			buildActionMask = 2147483647;
			files = (
				CE3D12C02587842100921FD9 /* CoreDataStack.swift in Sources */,
				0BC9BF572570CE6F00445DFC /* ProductListModel.swift in Sources */,
				0B9187A9257A255400467C8B /* ProductViewController.swift in Sources */,
				CE9032BC258C6CC800107810 /* ProductListViewController+UISearchBar.swift in Sources */,
				0B2FEBF425777C35001EDC8E /* ImageCollectionCell.swift in Sources */,
				CEBE7287258C94B700798DA4 /* NewCollectionViewCell.swift in Sources */,
				0B771AD0257CAC8D008ADD69 /* CommentView.swift in Sources */,
				0B2FEBEE2577529A001EDC8E /* ProductNetworkManager.swift in Sources */,
				0B7080362594481E007A2A69 /* NewsModel.swift in Sources */,
				CEBE72A5258CB35200798DA4 /* NotFoundView.swift in Sources */,
				0B70805025945DFF007A2A69 /* TestViewController.swift in Sources */,
				CE4EC3272590705000DBCE85 /* UIView+.swift in Sources */,
				0BC9BF5A2570DAF700445DFC /* ProductListCell.swift in Sources */,
				CE9032CB258C71FD00107810 /* NewsCollectionView.swift in Sources */,
				0BC9BF322570BFF200445DFC /* ProductListViewController.swift in Sources */,
				0B2C03FF2577EFFA0037083B /* RatingStackView.swift in Sources */,
				CE88A202258A0D7B00092010 /* UIImage+.swift in Sources */,
				CE68AAA6258871B900C0EBA6 /* FavoritesManager.swift in Sources */,
				CE4EC3232590569F00DBCE85 /* SearchNavigationBar.swift in Sources */,
				0BC9BF2E2570BFF200445DFC /* AppDelegate.swift in Sources */,
				0BC9BF522570C6B200445DFC /* NetworkManager.swift in Sources */,
				CE3D12C92587849A00921FD9 /* Products.xcdatamodeld in Sources */,
				CEB38C0C2591D9DF00242C08 /* CustomNavigationBarDelegate.swift in Sources */,
				0B7080672594798C007A2A69 /* RadioButton.swift in Sources */,
				0B7080662594798C007A2A69 /* RadioButtonsController.swift in Sources */,
				CE8FADD4258B0F8100D00CC5 /* UIViewController+.swift in Sources */,
				CE9032C0258C6CF300107810 /* ProductListViewController+UITableView.swift in Sources */,
				0BC9BF672570EC9100445DFC /* ProductListNetworkManager.swift in Sources */,
				0BF0B3DD257E56F3000B0CAB /* ImageLoader.swift in Sources */,
				CE88A206258A1C5E00092010 /* ActivityIndicator.swift in Sources */,
				0BA94BEC2574BE5800A94DB1 /* SettingsAnalist.swift in Sources */,
				CE3449B12588B166002E0101 /* TabBarViewController.swift in Sources */,
				0B708054259473FD007A2A69 /* CheckBox.swift in Sources */,
				0B9187A5257A253D00467C8B /* SliderImageViewController.swift in Sources */,
				0BA94C062574C95500A94DB1 /* AnalyticsManager.swift in Sources */,
				0B83503E25767BA600C4C1FA /* ProductModel.swift in Sources */,
				0B53D304257A3F7D00649CD2 /* ProductTableViewController.swift in Sources */,
				CE3449B92588BB69002E0101 /* FavoritesNavigationBar.swift in Sources */,
				0BC9BF302570BFF200445DFC /* SceneDelegate.swift in Sources */,
				CE3D12BF2587842100921FD9 /* CoreDataManager.swift in Sources */,
				CEA14BCA2591A4F9009D2F79 /* ResultNavigationBar.swift in Sources */,
				0B70803A25944EEC007A2A69 /* WebViewController.swift in Sources */,
				0B771AD3257CB5F1008ADD69 /* CommentStackView.swift in Sources */,
			);
			runOnlyForDeploymentPostprocessing = 0;
		};
/* End PBXSourcesBuildPhase section */

/* Begin PBXTargetDependency section */
		0B7B9845257E1193005D504C /* PBXTargetDependency */ = {
			isa = PBXTargetDependency;
			target = 0B7B983E257E1193005D504C /* OneSignalNotificationServiceExtension */;
			targetProxy = 0B7B9844257E1193005D504C /* PBXContainerItemProxy */;
		};
/* End PBXTargetDependency section */

/* Begin PBXVariantGroup section */
		0BC9BF332570BFF200445DFC /* Main.storyboard */ = {
			isa = PBXVariantGroup;
			children = (
				0BC9BF342570BFF200445DFC /* Base */,
			);
			name = Main.storyboard;
			sourceTree = "<group>";
		};
		0BC9BF382570BFF500445DFC /* LaunchScreen.storyboard */ = {
			isa = PBXVariantGroup;
			children = (
				0BC9BF392570BFF500445DFC /* Base */,
			);
			name = LaunchScreen.storyboard;
			sourceTree = "<group>";
		};
/* End PBXVariantGroup section */

/* Begin XCBuildConfiguration section */
		0B7B9848257E1193005D504C /* Debug */ = {
			isa = XCBuildConfiguration;
			buildSettings = {
				CODE_SIGN_STYLE = Automatic;
				CURRENT_PROJECT_VERSION = 5;
				DEVELOPMENT_TEAM = XW29RT8E9D;
				INFOPLIST_FILE = OneSignalNotificationServiceExtension/Info.plist;
				LD_RUNPATH_SEARCH_PATHS = (
					"$(inherited)",
					"@executable_path/Frameworks",
					"@executable_path/../../Frameworks",
				);
				MARKETING_VERSION = 1.0.0;
				PRODUCT_BUNDLE_IDENTIFIER = ru.isaevtimur.SaleMarket.OneSignalNotificationServiceExtension;
				PRODUCT_NAME = "$(TARGET_NAME)";
				SKIP_INSTALL = YES;
				SWIFT_VERSION = 5.0;
				TARGETED_DEVICE_FAMILY = 1;
			};
			name = Debug;
		};
		0B7B9849257E1193005D504C /* Release */ = {
			isa = XCBuildConfiguration;
			buildSettings = {
				CODE_SIGN_STYLE = Automatic;
				CURRENT_PROJECT_VERSION = 5;
				DEVELOPMENT_TEAM = XW29RT8E9D;
				INFOPLIST_FILE = OneSignalNotificationServiceExtension/Info.plist;
				LD_RUNPATH_SEARCH_PATHS = (
					"$(inherited)",
					"@executable_path/Frameworks",
					"@executable_path/../../Frameworks",
				);
				MARKETING_VERSION = 1.0.0;
				PRODUCT_BUNDLE_IDENTIFIER = ru.isaevtimur.SaleMarket.OneSignalNotificationServiceExtension;
				PRODUCT_NAME = "$(TARGET_NAME)";
				SKIP_INSTALL = YES;
				SWIFT_VERSION = 5.0;
				TARGETED_DEVICE_FAMILY = 1;
			};
			name = Release;
		};
		0BC9BF3C2570BFF500445DFC /* Debug */ = {
			isa = XCBuildConfiguration;
			buildSettings = {
				ALWAYS_SEARCH_USER_PATHS = NO;
				CLANG_ANALYZER_NONNULL = YES;
				CLANG_ANALYZER_NUMBER_OBJECT_CONVERSION = YES_AGGRESSIVE;
				CLANG_CXX_LANGUAGE_STANDARD = "gnu++14";
				CLANG_CXX_LIBRARY = "libc++";
				CLANG_ENABLE_MODULES = YES;
				CLANG_ENABLE_OBJC_ARC = YES;
				CLANG_ENABLE_OBJC_WEAK = YES;
				CLANG_WARN_BLOCK_CAPTURE_AUTORELEASING = YES;
				CLANG_WARN_BOOL_CONVERSION = YES;
				CLANG_WARN_COMMA = YES;
				CLANG_WARN_CONSTANT_CONVERSION = YES;
				CLANG_WARN_DEPRECATED_OBJC_IMPLEMENTATIONS = YES;
				CLANG_WARN_DIRECT_OBJC_ISA_USAGE = YES_ERROR;
				CLANG_WARN_DOCUMENTATION_COMMENTS = YES;
				CLANG_WARN_EMPTY_BODY = YES;
				CLANG_WARN_ENUM_CONVERSION = YES;
				CLANG_WARN_INFINITE_RECURSION = YES;
				CLANG_WARN_INT_CONVERSION = YES;
				CLANG_WARN_NON_LITERAL_NULL_CONVERSION = YES;
				CLANG_WARN_OBJC_IMPLICIT_RETAIN_SELF = YES;
				CLANG_WARN_OBJC_LITERAL_CONVERSION = YES;
				CLANG_WARN_OBJC_ROOT_CLASS = YES_ERROR;
				CLANG_WARN_QUOTED_INCLUDE_IN_FRAMEWORK_HEADER = YES;
				CLANG_WARN_RANGE_LOOP_ANALYSIS = YES;
				CLANG_WARN_STRICT_PROTOTYPES = YES;
				CLANG_WARN_SUSPICIOUS_MOVE = YES;
				CLANG_WARN_UNGUARDED_AVAILABILITY = YES_AGGRESSIVE;
				CLANG_WARN_UNREACHABLE_CODE = YES;
				CLANG_WARN__DUPLICATE_METHOD_MATCH = YES;
				COPY_PHASE_STRIP = NO;
				DEBUG_INFORMATION_FORMAT = dwarf;
				ENABLE_STRICT_OBJC_MSGSEND = YES;
				ENABLE_TESTABILITY = YES;
				GCC_C_LANGUAGE_STANDARD = gnu11;
				GCC_DYNAMIC_NO_PIC = NO;
				GCC_NO_COMMON_BLOCKS = YES;
				GCC_OPTIMIZATION_LEVEL = 0;
				GCC_PREPROCESSOR_DEFINITIONS = (
					"DEBUG=1",
					"$(inherited)",
				);
				GCC_WARN_64_TO_32_BIT_CONVERSION = YES;
				GCC_WARN_ABOUT_RETURN_TYPE = YES_ERROR;
				GCC_WARN_UNDECLARED_SELECTOR = YES;
				GCC_WARN_UNINITIALIZED_AUTOS = YES_AGGRESSIVE;
				GCC_WARN_UNUSED_FUNCTION = YES;
				GCC_WARN_UNUSED_VARIABLE = YES;
				IPHONEOS_DEPLOYMENT_TARGET = 13.0;
				MTL_ENABLE_DEBUG_INFO = INCLUDE_SOURCE;
				MTL_FAST_MATH = YES;
				ONLY_ACTIVE_ARCH = YES;
				SDKROOT = iphoneos;
				SWIFT_ACTIVE_COMPILATION_CONDITIONS = DEBUG;
				SWIFT_OPTIMIZATION_LEVEL = "-Onone";
			};
			name = Debug;
		};
		0BC9BF3D2570BFF500445DFC /* Release */ = {
			isa = XCBuildConfiguration;
			buildSettings = {
				ALWAYS_SEARCH_USER_PATHS = NO;
				CLANG_ANALYZER_NONNULL = YES;
				CLANG_ANALYZER_NUMBER_OBJECT_CONVERSION = YES_AGGRESSIVE;
				CLANG_CXX_LANGUAGE_STANDARD = "gnu++14";
				CLANG_CXX_LIBRARY = "libc++";
				CLANG_ENABLE_MODULES = YES;
				CLANG_ENABLE_OBJC_ARC = YES;
				CLANG_ENABLE_OBJC_WEAK = YES;
				CLANG_WARN_BLOCK_CAPTURE_AUTORELEASING = YES;
				CLANG_WARN_BOOL_CONVERSION = YES;
				CLANG_WARN_COMMA = YES;
				CLANG_WARN_CONSTANT_CONVERSION = YES;
				CLANG_WARN_DEPRECATED_OBJC_IMPLEMENTATIONS = YES;
				CLANG_WARN_DIRECT_OBJC_ISA_USAGE = YES_ERROR;
				CLANG_WARN_DOCUMENTATION_COMMENTS = YES;
				CLANG_WARN_EMPTY_BODY = YES;
				CLANG_WARN_ENUM_CONVERSION = YES;
				CLANG_WARN_INFINITE_RECURSION = YES;
				CLANG_WARN_INT_CONVERSION = YES;
				CLANG_WARN_NON_LITERAL_NULL_CONVERSION = YES;
				CLANG_WARN_OBJC_IMPLICIT_RETAIN_SELF = YES;
				CLANG_WARN_OBJC_LITERAL_CONVERSION = YES;
				CLANG_WARN_OBJC_ROOT_CLASS = YES_ERROR;
				CLANG_WARN_QUOTED_INCLUDE_IN_FRAMEWORK_HEADER = YES;
				CLANG_WARN_RANGE_LOOP_ANALYSIS = YES;
				CLANG_WARN_STRICT_PROTOTYPES = YES;
				CLANG_WARN_SUSPICIOUS_MOVE = YES;
				CLANG_WARN_UNGUARDED_AVAILABILITY = YES_AGGRESSIVE;
				CLANG_WARN_UNREACHABLE_CODE = YES;
				CLANG_WARN__DUPLICATE_METHOD_MATCH = YES;
				COPY_PHASE_STRIP = NO;
				DEBUG_INFORMATION_FORMAT = "dwarf-with-dsym";
				ENABLE_NS_ASSERTIONS = NO;
				ENABLE_STRICT_OBJC_MSGSEND = YES;
				GCC_C_LANGUAGE_STANDARD = gnu11;
				GCC_NO_COMMON_BLOCKS = YES;
				GCC_WARN_64_TO_32_BIT_CONVERSION = YES;
				GCC_WARN_ABOUT_RETURN_TYPE = YES_ERROR;
				GCC_WARN_UNDECLARED_SELECTOR = YES;
				GCC_WARN_UNINITIALIZED_AUTOS = YES_AGGRESSIVE;
				GCC_WARN_UNUSED_FUNCTION = YES;
				GCC_WARN_UNUSED_VARIABLE = YES;
				IPHONEOS_DEPLOYMENT_TARGET = 13.0;
				MTL_ENABLE_DEBUG_INFO = NO;
				MTL_FAST_MATH = YES;
				SDKROOT = iphoneos;
				SWIFT_COMPILATION_MODE = wholemodule;
				SWIFT_OPTIMIZATION_LEVEL = "-O";
				VALIDATE_PRODUCT = YES;
			};
			name = Release;
		};
		0BC9BF3F2570BFF500445DFC /* Debug */ = {
			isa = XCBuildConfiguration;
			buildSettings = {
				ALWAYS_EMBED_SWIFT_STANDARD_LIBRARIES = YES;
				ASSETCATALOG_COMPILER_APPICON_NAME = AppIcon;
				ASSETCATALOG_COMPILER_GLOBAL_ACCENT_COLOR_NAME = AccentColor;
				CODE_SIGN_ENTITLEMENTS = WBPromo.entitlements;
				CODE_SIGN_IDENTITY = "Apple Development";
				CODE_SIGN_STYLE = Automatic;
				CURRENT_PROJECT_VERSION = 5;
				DEVELOPMENT_TEAM = XW29RT8E9D;
				FRAMEWORK_SEARCH_PATHS = (
					"$(inherited)",
					"$(PROJECT_DIR)",
				);
				INFOPLIST_FILE = "$(SRCROOT)/SaleMarket/Supporting Files/Info.plist";
				LD_RUNPATH_SEARCH_PATHS = (
					"$(inherited)",
					"@executable_path/Frameworks",
				);
				MARKETING_VERSION = 1.0.0;
				PRODUCT_BUNDLE_IDENTIFIER = ru.isaevtimur.SaleMarket;
				PRODUCT_NAME = "$(TARGET_NAME)";
				PROVISIONING_PROFILE_SPECIFIER = "";
				SWIFT_VERSION = 5.0;
				TARGETED_DEVICE_FAMILY = 1;
			};
			name = Debug;
		};
		0BC9BF402570BFF500445DFC /* Release */ = {
			isa = XCBuildConfiguration;
			buildSettings = {
				ALWAYS_EMBED_SWIFT_STANDARD_LIBRARIES = YES;
				ASSETCATALOG_COMPILER_APPICON_NAME = AppIcon;
				ASSETCATALOG_COMPILER_GLOBAL_ACCENT_COLOR_NAME = AccentColor;
				CODE_SIGN_ENTITLEMENTS = WBPromo.entitlements;
				CODE_SIGN_IDENTITY = "Apple Development";
				CODE_SIGN_STYLE = Automatic;
				CURRENT_PROJECT_VERSION = 5;
				DEVELOPMENT_TEAM = XW29RT8E9D;
				FRAMEWORK_SEARCH_PATHS = (
					"$(inherited)",
					"$(PROJECT_DIR)",
				);
				INFOPLIST_FILE = "$(SRCROOT)/SaleMarket/Supporting Files/Info.plist";
				LD_RUNPATH_SEARCH_PATHS = (
					"$(inherited)",
					"@executable_path/Frameworks",
				);
				MARKETING_VERSION = 1.0.0;
				PRODUCT_BUNDLE_IDENTIFIER = ru.isaevtimur.SaleMarket;
				PRODUCT_NAME = "$(TARGET_NAME)";
				PROVISIONING_PROFILE_SPECIFIER = "";
				SWIFT_VERSION = 5.0;
				TARGETED_DEVICE_FAMILY = 1;
			};
			name = Release;
		};
/* End XCBuildConfiguration section */

/* Begin XCConfigurationList section */
		0B7B9847257E1193005D504C /* Build configuration list for PBXNativeTarget "OneSignalNotificationServiceExtension" */ = {
			isa = XCConfigurationList;
			buildConfigurations = (
				0B7B9848257E1193005D504C /* Debug */,
				0B7B9849257E1193005D504C /* Release */,
			);
			defaultConfigurationIsVisible = 0;
			defaultConfigurationName = Release;
		};
		0BC9BF252570BFF200445DFC /* Build configuration list for PBXProject "SaleMarket" */ = {
			isa = XCConfigurationList;
			buildConfigurations = (
				0BC9BF3C2570BFF500445DFC /* Debug */,
				0BC9BF3D2570BFF500445DFC /* Release */,
			);
			defaultConfigurationIsVisible = 0;
			defaultConfigurationName = Release;
		};
		0BC9BF3E2570BFF500445DFC /* Build configuration list for PBXNativeTarget "SaleMarket" */ = {
			isa = XCConfigurationList;
			buildConfigurations = (
				0BC9BF3F2570BFF500445DFC /* Debug */,
				0BC9BF402570BFF500445DFC /* Release */,
			);
			defaultConfigurationIsVisible = 0;
			defaultConfigurationName = Release;
		};
/* End XCConfigurationList section */

/* Begin XCRemoteSwiftPackageReference section */
		0BA94BD42574B49400A94DB1 /* XCRemoteSwiftPackageReference "OneSignal-iOS-SDK" */ = {
			isa = XCRemoteSwiftPackageReference;
			repositoryURL = "https://github.com/OneSignal/OneSignal-iOS-SDK";
			requirement = {
				kind = upToNextMajorVersion;
				minimumVersion = 2.16.0;
			};
		};
		CE4887C72587175B0023D5B8 /* XCRemoteSwiftPackageReference "NVActivityIndicatorView" */ = {
			isa = XCRemoteSwiftPackageReference;
			repositoryURL = "https://github.com/ninjaprox/NVActivityIndicatorView";
			requirement = {
				kind = upToNextMajorVersion;
				minimumVersion = 5.1.1;
			};
		};
/* End XCRemoteSwiftPackageReference section */

/* Begin XCSwiftPackageProductDependency section */
		0B7B9851257E11C4005D504C /* OneSignal */ = {
			isa = XCSwiftPackageProductDependency;
			package = 0BA94BD42574B49400A94DB1 /* XCRemoteSwiftPackageReference "OneSignal-iOS-SDK" */;
			productName = OneSignal;
		};
		0BA94BD52574B49400A94DB1 /* OneSignal */ = {
			isa = XCSwiftPackageProductDependency;
			package = 0BA94BD42574B49400A94DB1 /* XCRemoteSwiftPackageReference "OneSignal-iOS-SDK" */;
			productName = OneSignal;
		};
		CE4887C82587175B0023D5B8 /* NVActivityIndicatorView */ = {
			isa = XCSwiftPackageProductDependency;
			package = CE4887C72587175B0023D5B8 /* XCRemoteSwiftPackageReference "NVActivityIndicatorView" */;
			productName = NVActivityIndicatorView;
		};
/* End XCSwiftPackageProductDependency section */

/* Begin XCVersionGroup section */
		CE3D12C72587849A00921FD9 /* Products.xcdatamodeld */ = {
			isa = XCVersionGroup;
			children = (
				CE3D12C82587849A00921FD9 /* Products.xcdatamodel */,
			);
			currentVersion = CE3D12C82587849A00921FD9 /* Products.xcdatamodel */;
			path = Products.xcdatamodeld;
			sourceTree = "<group>";
			versionGroupType = wrapper.xcdatamodel;
		};
/* End XCVersionGroup section */
	};
	rootObject = 0BC9BF222570BFF200445DFC /* Project object */;
}
